// !$*UTF8*$!
{
	archiveVersion = 1;
	classes = {
	};
	objectVersion = 50;
	objects = {

/* Begin PBXBuildFile section */
		00DEB4E9247AAB0F0050CD8D /* AppDelegate.swift in Sources */ = {isa = PBXBuildFile; fileRef = 00DEB4E8247AAB0F0050CD8D /* AppDelegate.swift */; };
		00DEB4EB247AAB0F0050CD8D /* SceneDelegate.swift in Sources */ = {isa = PBXBuildFile; fileRef = 00DEB4EA247AAB0F0050CD8D /* SceneDelegate.swift */; };
		00DEB4F0247AAB0F0050CD8D /* Main.storyboard in Resources */ = {isa = PBXBuildFile; fileRef = 00DEB4EE247AAB0F0050CD8D /* Main.storyboard */; };
		00DEB4F2247AAB100050CD8D /* Assets.xcassets in Resources */ = {isa = PBXBuildFile; fileRef = 00DEB4F1247AAB100050CD8D /* Assets.xcassets */; };
		00DEB4F5247AAB100050CD8D /* LaunchScreen.storyboard in Resources */ = {isa = PBXBuildFile; fileRef = 00DEB4F3247AAB100050CD8D /* LaunchScreen.storyboard */; };
		00DEB503247AAB290050CD8D /* sidemenu.png in Resources */ = {isa = PBXBuildFile; fileRef = 00DEB4FD247AAB290050CD8D /* sidemenu.png */; };
		00DEB504247AAB290050CD8D /* icon02.png in Resources */ = {isa = PBXBuildFile; fileRef = 00DEB4FE247AAB290050CD8D /* icon02.png */; };
		00DEB505247AAB290050CD8D /* icon04.png in Resources */ = {isa = PBXBuildFile; fileRef = 00DEB4FF247AAB290050CD8D /* icon04.png */; };
		00DEB506247AAB290050CD8D /* icon05.png in Resources */ = {isa = PBXBuildFile; fileRef = 00DEB500247AAB290050CD8D /* icon05.png */; };
		00DEB507247AAB290050CD8D /* icon01.png in Resources */ = {isa = PBXBuildFile; fileRef = 00DEB501247AAB290050CD8D /* icon01.png */; };
		00DEB508247AAB290050CD8D /* icon03.png in Resources */ = {isa = PBXBuildFile; fileRef = 00DEB502247AAB290050CD8D /* icon03.png */; };
		00DEB50A247AAB410050CD8D /* RevealViewController.swift in Sources */ = {isa = PBXBuildFile; fileRef = 00DEB509247AAB410050CD8D /* RevealViewController.swift */; };
		00DEB50C247AAB4E0050CD8D /* FrontViewController.swift in Sources */ = {isa = PBXBuildFile; fileRef = 00DEB50B247AAB4E0050CD8D /* FrontViewController.swift */; };
		00DEB510247ACF380050CD8D /* SideBarViewController.swift in Sources */ = {isa = PBXBuildFile; fileRef = 00DEB50F247ACF380050CD8D /* SideBarViewController.swift */; };
/* End PBXBuildFile section */

/* Begin PBXFileReference section */
		00DEB4E5247AAB0F0050CD8D /* Chapter04-SideBarDIY.app */ = {isa = PBXFileReference; explicitFileType = wrapper.application; includeInIndex = 0; path = "Chapter04-SideBarDIY.app"; sourceTree = BUILT_PRODUCTS_DIR; };
		00DEB4E8247AAB0F0050CD8D /* AppDelegate.swift */ = {isa = PBXFileReference; lastKnownFileType = sourcecode.swift; path = AppDelegate.swift; sourceTree = "<group>"; };
		00DEB4EA247AAB0F0050CD8D /* SceneDelegate.swift */ = {isa = PBXFileReference; lastKnownFileType = sourcecode.swift; path = SceneDelegate.swift; sourceTree = "<group>"; };
		00DEB4EF247AAB0F0050CD8D /* Base */ = {isa = PBXFileReference; lastKnownFileType = file.storyboard; name = Base; path = Base.lproj/Main.storyboard; sourceTree = "<group>"; };
		00DEB4F1247AAB100050CD8D /* Assets.xcassets */ = {isa = PBXFileReference; lastKnownFileType = folder.assetcatalog; path = Assets.xcassets; sourceTree = "<group>"; };
		00DEB4F4247AAB100050CD8D /* Base */ = {isa = PBXFileReference; lastKnownFileType = file.storyboard; name = Base; path = Base.lproj/LaunchScreen.storyboard; sourceTree = "<group>"; };
		00DEB4F6247AAB100050CD8D /* Info.plist */ = {isa = PBXFileReference; lastKnownFileType = text.plist.xml; path = Info.plist; sourceTree = "<group>"; };
		00DEB4FD247AAB290050CD8D /* sidemenu.png */ = {isa = PBXFileReference; lastKnownFileType = image.png; path = sidemenu.png; sourceTree = "<group>"; };
		00DEB4FE247AAB290050CD8D /* icon02.png */ = {isa = PBXFileReference; lastKnownFileType = image.png; path = icon02.png; sourceTree = "<group>"; };
		00DEB4FF247AAB290050CD8D /* icon04.png */ = {isa = PBXFileReference; lastKnownFileType = image.png; path = icon04.png; sourceTree = "<group>"; };
		00DEB500247AAB290050CD8D /* icon05.png */ = {isa = PBXFileReference; lastKnownFileType = image.png; path = icon05.png; sourceTree = "<group>"; };
		00DEB501247AAB290050CD8D /* icon01.png */ = {isa = PBXFileReference; lastKnownFileType = image.png; path = icon01.png; sourceTree = "<group>"; };
		00DEB502247AAB290050CD8D /* icon03.png */ = {isa = PBXFileReference; lastKnownFileType = image.png; path = icon03.png; sourceTree = "<group>"; };
		00DEB509247AAB410050CD8D /* RevealViewController.swift */ = {isa = PBXFileReference; lastKnownFileType = sourcecode.swift; name = RevealViewController.swift; path = Resources/RevealViewController.swift; sourceTree = "<group>"; };
		00DEB50B247AAB4E0050CD8D /* FrontViewController.swift */ = {isa = PBXFileReference; lastKnownFileType = sourcecode.swift; name = FrontViewController.swift; path = ../FrontViewController.swift; sourceTree = "<group>"; };
		00DEB50F247ACF380050CD8D /* SideBarViewController.swift */ = {isa = PBXFileReference; lastKnownFileType = sourcecode.swift; path = SideBarViewController.swift; sourceTree = "<group>"; };
/* End PBXFileReference section */

/* Begin PBXFrameworksBuildPhase section */
		00DEB4E2247AAB0F0050CD8D /* Frameworks */ = {
			isa = PBXFrameworksBuildPhase;
			buildActionMask = 2147483647;
			files = (
			);
			runOnlyForDeploymentPostprocessing = 0;
		};
/* End PBXFrameworksBuildPhase section */

/* Begin PBXGroup section */
		00DEB4DC247AAB0F0050CD8D = {
			isa = PBXGroup;
			children = (
				00DEB4E7247AAB0F0050CD8D /* Chapter04-SideBarDIY */,
				00DEB4E6247AAB0F0050CD8D /* Products */,
			);
			sourceTree = "<group>";
		};
		00DEB4E6247AAB0F0050CD8D /* Products */ = {
			isa = PBXGroup;
			children = (
				00DEB4E5247AAB0F0050CD8D /* Chapter04-SideBarDIY.app */,
			);
			name = Products;
			sourceTree = "<group>";
		};
		00DEB4E7247AAB0F0050CD8D /* Chapter04-SideBarDIY */ = {
			isa = PBXGroup;
			children = (
				00DEB4FC247AAB1D0050CD8D /* Resources */,
				00DEB4E8247AAB0F0050CD8D /* AppDelegate.swift */,
				00DEB50F247ACF380050CD8D /* SideBarViewController.swift */,
				00DEB509247AAB410050CD8D /* RevealViewController.swift */,
				00DEB50B247AAB4E0050CD8D /* FrontViewController.swift */,
				00DEB4EA247AAB0F0050CD8D /* SceneDelegate.swift */,
				00DEB4EE247AAB0F0050CD8D /* Main.storyboard */,
				00DEB4F1247AAB100050CD8D /* Assets.xcassets */,
				00DEB4F3247AAB100050CD8D /* LaunchScreen.storyboard */,
				00DEB4F6247AAB100050CD8D /* Info.plist */,
			);
			path = "Chapter04-SideBarDIY";
			sourceTree = "<group>";
		};
		00DEB4FC247AAB1D0050CD8D /* Resources */ = {
			isa = PBXGroup;
			children = (
				00DEB501247AAB290050CD8D /* icon01.png */,
				00DEB4FE247AAB290050CD8D /* icon02.png */,
				00DEB502247AAB290050CD8D /* icon03.png */,
				00DEB4FF247AAB290050CD8D /* icon04.png */,
				00DEB500247AAB290050CD8D /* icon05.png */,
				00DEB4FD247AAB290050CD8D /* sidemenu.png */,
			);
			path = Resources;
			sourceTree = "<group>";
		};
/* End PBXGroup section */

/* Begin PBXNativeTarget section */
		00DEB4E4247AAB0F0050CD8D /* Chapter04-SideBarDIY */ = {
			isa = PBXNativeTarget;
			buildConfigurationList = 00DEB4F9247AAB100050CD8D /* Build configuration list for PBXNativeTarget "Chapter04-SideBarDIY" */;
			buildPhases = (
				00DEB4E1247AAB0F0050CD8D /* Sources */,
				00DEB4E2247AAB0F0050CD8D /* Frameworks */,
				00DEB4E3247AAB0F0050CD8D /* Resources */,
			);
			buildRules = (
			);
			dependencies = (
			);
			name = "Chapter04-SideBarDIY";
			productName = "Chapter04-SideBarDIY";
			productReference = 00DEB4E5247AAB0F0050CD8D /* Chapter04-SideBarDIY.app */;
			productType = "com.apple.product-type.application";
		};
/* End PBXNativeTarget section */

/* Begin PBXProject section */
		00DEB4DD247AAB0F0050CD8D /* Project object */ = {
			isa = PBXProject;
			attributes = {
				LastSwiftUpdateCheck = 1130;
				LastUpgradeCheck = 1130;
				ORGANIZATIONNAME = Jaeeun;
				TargetAttributes = {
					00DEB4E4247AAB0F0050CD8D = {
						CreatedOnToolsVersion = 11.3.1;
					};
				};
			};
			buildConfigurationList = 00DEB4E0247AAB0F0050CD8D /* Build configuration list for PBXProject "Chapter04-SideBarDIY" */;
			compatibilityVersion = "Xcode 9.3";
			developmentRegion = en;
			hasScannedForEncodings = 0;
			knownRegions = (
				en,
				Base,
			);
			mainGroup = 00DEB4DC247AAB0F0050CD8D;
			productRefGroup = 00DEB4E6247AAB0F0050CD8D /* Products */;
			projectDirPath = "";
			projectRoot = "";
			targets = (
				00DEB4E4247AAB0F0050CD8D /* Chapter04-SideBarDIY */,
			);
		};
/* End PBXProject section */

/* Begin PBXResourcesBuildPhase section */
		00DEB4E3247AAB0F0050CD8D /* Resources */ = {
			isa = PBXResourcesBuildPhase;
			buildActionMask = 2147483647;
			files = (
				00DEB508247AAB290050CD8D /* icon03.png in Resources */,
				00DEB506247AAB290050CD8D /* icon05.png in Resources */,
				00DEB4F5247AAB100050CD8D /* LaunchScreen.storyboard in Resources */,
				00DEB503247AAB290050CD8D /* sidemenu.png in Resources */,
				00DEB505247AAB290050CD8D /* icon04.png in Resources */,
				00DEB4F2247AAB100050CD8D /* Assets.xcassets in Resources */,
				00DEB4F0247AAB0F0050CD8D /* Main.storyboard in Resources */,
				00DEB504247AAB290050CD8D /* icon02.png in Resources */,
				00DEB507247AAB290050CD8D /* icon01.png in Resources */,
			);
			runOnlyForDeploymentPostprocessing = 0;
		};
/* End PBXResourcesBuildPhase section */

/* Begin PBXSourcesBuildPhase section */
		00DEB4E1247AAB0F0050CD8D /* Sources */ = {
			isa = PBXSourcesBuildPhase;
			buildActionMask = 2147483647;
			files = (
				00DEB4E9247AAB0F0050CD8D /* AppDelegate.swift in Sources */,
				00DEB50C247AAB4E0050CD8D /* FrontViewController.swift in Sources */,
				00DEB510247ACF380050CD8D /* SideBarViewController.swift in Sources */,
				00DEB4EB247AAB0F0050CD8D /* SceneDelegate.swift in Sources */,
				00DEB50A247AAB410050CD8D /* RevealViewController.swift in Sources */,
			);
			runOnlyForDeploymentPostprocessing = 0;
		};
/* End PBXSourcesBuildPhase section */

/* Begin PBXVariantGroup section */
		00DEB4EE247AAB0F0050CD8D /* Main.storyboard */ = {
			isa = PBXVariantGroup;
			children = (
				00DEB4EF247AAB0F0050CD8D /* Base */,
			);
			name = Main.storyboard;
			sourceTree = "<group>";
		};
		00DEB4F3247AAB100050CD8D /* LaunchScreen.storyboard */ = {
			isa = PBXVariantGroup;
			children = (
				00DEB4F4247AAB100050CD8D /* Base */,
			);
			name = LaunchScreen.storyboard;
			sourceTree = "<group>";
		};
/* End PBXVariantGroup section */

/* Begin XCBuildConfiguration section */
		00DEB4F7247AAB100050CD8D /* Debug */ = {
			isa = XCBuildConfiguration;
			buildSettings = {
				ALWAYS_SEARCH_USER_PATHS = NO;
				CLANG_ANALYZER_NONNULL = YES;
				CLANG_ANALYZER_NUMBER_OBJECT_CONVERSION = YES_AGGRESSIVE;
				CLANG_CXX_LANGUAGE_STANDARD = "gnu++14";
				CLANG_CXX_LIBRARY = "libc++";
				CLANG_ENABLE_MODULES = YES;
				CLANG_ENABLE_OBJC_ARC = YES;
				CLANG_ENABLE_OBJC_WEAK = YES;
				CLANG_WARN_BLOCK_CAPTURE_AUTORELEASING = YES;
				CLANG_WARN_BOOL_CONVERSION = YES;
				CLANG_WARN_COMMA = YES;
				CLANG_WARN_CONSTANT_CONVERSION = YES;
				CLANG_WARN_DEPRECATED_OBJC_IMPLEMENTATIONS = YES;
				CLANG_WARN_DIRECT_OBJC_ISA_USAGE = YES_ERROR;
				CLANG_WARN_DOCUMENTATION_COMMENTS = YES;
				CLANG_WARN_EMPTY_BODY = YES;
				CLANG_WARN_ENUM_CONVERSION = YES;
				CLANG_WARN_INFINITE_RECURSION = YES;
				CLANG_WARN_INT_CONVERSION = YES;
				CLANG_WARN_NON_LITERAL_NULL_CONVERSION = YES;
				CLANG_WARN_OBJC_IMPLICIT_RETAIN_SELF = YES;
				CLANG_WARN_OBJC_LITERAL_CONVERSION = YES;
				CLANG_WARN_OBJC_ROOT_CLASS = YES_ERROR;
				CLANG_WARN_RANGE_LOOP_ANALYSIS = YES;
				CLANG_WARN_STRICT_PROTOTYPES = YES;
				CLANG_WARN_SUSPICIOUS_MOVE = YES;
				CLANG_WARN_UNGUARDED_AVAILABILITY = YES_AGGRESSIVE;
				CLANG_WARN_UNREACHABLE_CODE = YES;
				CLANG_WARN__DUPLICATE_METHOD_MATCH = YES;
				COPY_PHASE_STRIP = NO;
				DEBUG_INFORMATION_FORMAT = dwarf;
				ENABLE_STRICT_OBJC_MSGSEND = YES;
				ENABLE_TESTABILITY = YES;
				GCC_C_LANGUAGE_STANDARD = gnu11;
				GCC_DYNAMIC_NO_PIC = NO;
				GCC_NO_COMMON_BLOCKS = YES;
				GCC_OPTIMIZATION_LEVEL = 0;
				GCC_PREPROCESSOR_DEFINITIONS = (
					"DEBUG=1",
					"$(inherited)",
				);
				GCC_WARN_64_TO_32_BIT_CONVERSION = YES;
				GCC_WARN_ABOUT_RETURN_TYPE = YES_ERROR;
				GCC_WARN_UNDECLARED_SELECTOR = YES;
				GCC_WARN_UNINITIALIZED_AUTOS = YES_AGGRESSIVE;
				GCC_WARN_UNUSED_FUNCTION = YES;
				GCC_WARN_UNUSED_VARIABLE = YES;
				IPHONEOS_DEPLOYMENT_TARGET = 13.2;
				MTL_ENABLE_DEBUG_INFO = INCLUDE_SOURCE;
				MTL_FAST_MATH = YES;
				ONLY_ACTIVE_ARCH = YES;
				SDKROOT = iphoneos;
				SWIFT_ACTIVE_COMPILATION_CONDITIONS = DEBUG;
				SWIFT_OPTIMIZATION_LEVEL = "-Onone";
			};
			name = Debug;
		};
		00DEB4F8247AAB100050CD8D /* Release */ = {
			isa = XCBuildConfiguration;
			buildSettings = {
				ALWAYS_SEARCH_USER_PATHS = NO;
				CLANG_ANALYZER_NONNULL = YES;
				CLANG_ANALYZER_NUMBER_OBJECT_CONVERSION = YES_AGGRESSIVE;
				CLANG_CXX_LANGUAGE_STANDARD = "gnu++14";
				CLANG_CXX_LIBRARY = "libc++";
				CLANG_ENABLE_MODULES = YES;
				CLANG_ENABLE_OBJC_ARC = YES;
				CLANG_ENABLE_OBJC_WEAK = YES;
				CLANG_WARN_BLOCK_CAPTURE_AUTORELEASING = YES;
				CLANG_WARN_BOOL_CONVERSION = YES;
				CLANG_WARN_COMMA = YES;
				CLANG_WARN_CONSTANT_CONVERSION = YES;
				CLANG_WARN_DEPRECATED_OBJC_IMPLEMENTATIONS = YES;
				CLANG_WARN_DIRECT_OBJC_ISA_USAGE = YES_ERROR;
				CLANG_WARN_DOCUMENTATION_COMMENTS = YES;
				CLANG_WARN_EMPTY_BODY = YES;
				CLANG_WARN_ENUM_CONVERSION = YES;
				CLANG_WARN_INFINITE_RECURSION = YES;
				CLANG_WARN_INT_CONVERSION = YES;
				CLANG_WARN_NON_LITERAL_NULL_CONVERSION = YES;
				CLANG_WARN_OBJC_IMPLICIT_RETAIN_SELF = YES;
				CLANG_WARN_OBJC_LITERAL_CONVERSION = YES;
				CLANG_WARN_OBJC_ROOT_CLASS = YES_ERROR;
				CLANG_WARN_RANGE_LOOP_ANALYSIS = YES;
				CLANG_WARN_STRICT_PROTOTYPES = YES;
				CLANG_WARN_SUSPICIOUS_MOVE = YES;
				CLANG_WARN_UNGUARDED_AVAILABILITY = YES_AGGRESSIVE;
				CLANG_WARN_UNREACHABLE_CODE = YES;
				CLANG_WARN__DUPLICATE_METHOD_MATCH = YES;
				COPY_PHASE_STRIP = NO;
				DEBUG_INFORMATION_FORMAT = "dwarf-with-dsym";
				ENABLE_NS_ASSERTIONS = NO;
				ENABLE_STRICT_OBJC_MSGSEND = YES;
				GCC_C_LANGUAGE_STANDARD = gnu11;
				GCC_NO_COMMON_BLOCKS = YES;
				GCC_WARN_64_TO_32_BIT_CONVERSION = YES;
				GCC_WARN_ABOUT_RETURN_TYPE = YES_ERROR;
				GCC_WARN_UNDECLARED_SELECTOR = YES;
				GCC_WARN_UNINITIALIZED_AUTOS = YES_AGGRESSIVE;
				GCC_WARN_UNUSED_FUNCTION = YES;
				GCC_WARN_UNUSED_VARIABLE = YES;
				IPHONEOS_DEPLOYMENT_TARGET = 13.2;
				MTL_ENABLE_DEBUG_INFO = NO;
				MTL_FAST_MATH = YES;
				SDKROOT = iphoneos;
				SWIFT_COMPILATION_MODE = wholemodule;
				SWIFT_OPTIMIZATION_LEVEL = "-O";
				VALIDATE_PRODUCT = YES;
			};
			name = Release;
		};
		00DEB4FA247AAB100050CD8D /* Debug */ = {
			isa = XCBuildConfiguration;
			buildSettings = {
				ASSETCATALOG_COMPILER_APPICON_NAME = AppIcon;
				CODE_SIGN_STYLE = Automatic;
				DEVELOPMENT_TEAM = R78643UTJ5;
				INFOPLIST_FILE = "Chapter04-SideBarDIY/Info.plist";
				LD_RUNPATH_SEARCH_PATHS = (
					"$(inherited)",
					"@executable_path/Frameworks",
				);
				PRODUCT_BUNDLE_IDENTIFIER = "co.jaeeun.Chapter04-SideBarDIY";
				PRODUCT_NAME = "$(TARGET_NAME)";
				SWIFT_VERSION = 5.0;
				TARGETED_DEVICE_FAMILY = "1,2";
			};
			name = Debug;
		};
		00DEB4FB247AAB100050CD8D /* Release */ = {
			isa = XCBuildConfiguration;
			buildSettings = {
				ASSETCATALOG_COMPILER_APPICON_NAME = AppIcon;
				CODE_SIGN_STYLE = Automatic;
				DEVELOPMENT_TEAM = R78643UTJ5;
				INFOPLIST_FILE = "Chapter04-SideBarDIY/Info.plist";
				LD_RUNPATH_SEARCH_PATHS = (
					"$(inherited)",
					"@executable_path/Frameworks",
				);
				PRODUCT_BUNDLE_IDENTIFIER = "co.jaeeun.Chapter04-SideBarDIY";
				PRODUCT_NAME = "$(TARGET_NAME)";
				SWIFT_VERSION = 5.0;
				TARGETED_DEVICE_FAMILY = "1,2";
			};
			name = Release;
		};
/* End XCBuildConfiguration section */

/* Begin XCConfigurationList section */
		00DEB4E0247AAB0F0050CD8D /* Build configuration list for PBXProject "Chapter04-SideBarDIY" */ = {
			isa = XCConfigurationList;
			buildConfigurations = (
				00DEB4F7247AAB100050CD8D /* Debug */,
				00DEB4F8247AAB100050CD8D /* Release */,
			);
			defaultConfigurationIsVisible = 0;
			defaultConfigurationName = Release;
		};
		00DEB4F9247AAB100050CD8D /* Build configuration list for PBXNativeTarget "Chapter04-SideBarDIY" */ = {
			isa = XCConfigurationList;
			buildConfigurations = (
				00DEB4FA247AAB100050CD8D /* Debug */,
				00DEB4FB247AAB100050CD8D /* Release */,
			);
			defaultConfigurationIsVisible = 0;
			defaultConfigurationName = Release;
		};
/* End XCConfigurationList section */
	};
	rootObject = 00DEB4DD247AAB0F0050CD8D /* Project object */;
}
