// !$*UTF8*$!
{
	archiveVersion = 1;
	classes = {
	};
	objectVersion = 51;
	objects = {

/* Begin PBXBuildFile section */
		00341BA224572618002A3C6F /* AppDelegate.swift in Sources */ = {isa = PBXBuildFile; fileRef = 00341BA124572618002A3C6F /* AppDelegate.swift */; };
		00341BA424572618002A3C6F /* SceneDelegate.swift in Sources */ = {isa = PBXBuildFile; fileRef = 00341BA324572618002A3C6F /* SceneDelegate.swift */; };
		00341BA624572618002A3C6F /* ViewController.swift in Sources */ = {isa = PBXBuildFile; fileRef = 00341BA524572618002A3C6F /* ViewController.swift */; };
		00341BA924572618002A3C6F /* Main.storyboard in Resources */ = {isa = PBXBuildFile; fileRef = 00341BA724572618002A3C6F /* Main.storyboard */; };
		00341BAC24572618002A3C6F /* GoodWeather.xcdatamodeld in Sources */ = {isa = PBXBuildFile; fileRef = 00341BAA24572618002A3C6F /* GoodWeather.xcdatamodeld */; };
		00341BAE2457261C002A3C6F /* Assets.xcassets in Resources */ = {isa = PBXBuildFile; fileRef = 00341BAD2457261C002A3C6F /* Assets.xcassets */; };
		00341BB12457261C002A3C6F /* LaunchScreen.storyboard in Resources */ = {isa = PBXBuildFile; fileRef = 00341BAF2457261C002A3C6F /* LaunchScreen.storyboard */; };
		00341BBC2457261C002A3C6F /* GoodWeatherTests.swift in Sources */ = {isa = PBXBuildFile; fileRef = 00341BBB2457261C002A3C6F /* GoodWeatherTests.swift */; };
		00341BC8245728A8002A3C6F /* WeatherResult.swift in Sources */ = {isa = PBXBuildFile; fileRef = 00341BC7245728A8002A3C6F /* WeatherResult.swift */; };
		00341BCA24587ED7002A3C6F /* URLRequest+Extensions.swift in Sources */ = {isa = PBXBuildFile; fileRef = 00341BC924587ED7002A3C6F /* URLRequest+Extensions.swift */; };
		00341BCC2458874D002A3C6F /* URL+Extensions.swift in Sources */ = {isa = PBXBuildFile; fileRef = 00341BCB2458874D002A3C6F /* URL+Extensions.swift */; };
		36A13E7E57EADCA35B22C78A /* Pods_GoodWeatherTests.framework in Frameworks */ = {isa = PBXBuildFile; fileRef = 2ACCE446A454B66A5B5153B3 /* Pods_GoodWeatherTests.framework */; };
		CDD995BAE1CB1BE220EE0FA0 /* Pods_GoodWeather.framework in Frameworks */ = {isa = PBXBuildFile; fileRef = 5DA8FE91CC4C56B4138E8EC1 /* Pods_GoodWeather.framework */; };
/* End PBXBuildFile section */

/* Begin PBXContainerItemProxy section */
		00341BB82457261C002A3C6F /* PBXContainerItemProxy */ = {
			isa = PBXContainerItemProxy;
			containerPortal = 00341B9624572618002A3C6F /* Project object */;
			proxyType = 1;
			remoteGlobalIDString = 00341B9D24572618002A3C6F;
			remoteInfo = GoodWeather;
		};
/* End PBXContainerItemProxy section */

/* Begin PBXFileReference section */
		00341B9E24572618002A3C6F /* GoodWeather.app */ = {isa = PBXFileReference; explicitFileType = wrapper.application; includeInIndex = 0; path = GoodWeather.app; sourceTree = BUILT_PRODUCTS_DIR; };
		00341BA124572618002A3C6F /* AppDelegate.swift */ = {isa = PBXFileReference; lastKnownFileType = sourcecode.swift; path = AppDelegate.swift; sourceTree = "<group>"; };
		00341BA324572618002A3C6F /* SceneDelegate.swift */ = {isa = PBXFileReference; lastKnownFileType = sourcecode.swift; path = SceneDelegate.swift; sourceTree = "<group>"; };
		00341BA524572618002A3C6F /* ViewController.swift */ = {isa = PBXFileReference; lastKnownFileType = sourcecode.swift; path = ViewController.swift; sourceTree = "<group>"; };
		00341BA824572618002A3C6F /* Base */ = {isa = PBXFileReference; lastKnownFileType = file.storyboard; name = Base; path = Base.lproj/Main.storyboard; sourceTree = "<group>"; };
		00341BAB24572618002A3C6F /* GoodWeather.xcdatamodel */ = {isa = PBXFileReference; lastKnownFileType = wrapper.xcdatamodel; path = GoodWeather.xcdatamodel; sourceTree = "<group>"; };
		00341BAD2457261C002A3C6F /* Assets.xcassets */ = {isa = PBXFileReference; lastKnownFileType = folder.assetcatalog; path = Assets.xcassets; sourceTree = "<group>"; };
		00341BB02457261C002A3C6F /* Base */ = {isa = PBXFileReference; lastKnownFileType = file.storyboard; name = Base; path = Base.lproj/LaunchScreen.storyboard; sourceTree = "<group>"; };
		00341BB22457261C002A3C6F /* Info.plist */ = {isa = PBXFileReference; lastKnownFileType = text.plist.xml; path = Info.plist; sourceTree = "<group>"; };
		00341BB72457261C002A3C6F /* GoodWeatherTests.xctest */ = {isa = PBXFileReference; explicitFileType = wrapper.cfbundle; includeInIndex = 0; path = GoodWeatherTests.xctest; sourceTree = BUILT_PRODUCTS_DIR; };
		00341BBB2457261C002A3C6F /* GoodWeatherTests.swift */ = {isa = PBXFileReference; lastKnownFileType = sourcecode.swift; path = GoodWeatherTests.swift; sourceTree = "<group>"; };
		00341BBD2457261C002A3C6F /* Info.plist */ = {isa = PBXFileReference; lastKnownFileType = text.plist.xml; path = Info.plist; sourceTree = "<group>"; };
		00341BC7245728A8002A3C6F /* WeatherResult.swift */ = {isa = PBXFileReference; lastKnownFileType = sourcecode.swift; path = WeatherResult.swift; sourceTree = "<group>"; };
		00341BC924587ED7002A3C6F /* URLRequest+Extensions.swift */ = {isa = PBXFileReference; lastKnownFileType = sourcecode.swift; path = "URLRequest+Extensions.swift"; sourceTree = "<group>"; };
		00341BCB2458874D002A3C6F /* URL+Extensions.swift */ = {isa = PBXFileReference; lastKnownFileType = sourcecode.swift; path = "URL+Extensions.swift"; sourceTree = "<group>"; };
		24746E9847C98AA431032FEF /* Pods-GoodWeather.debug.xcconfig */ = {isa = PBXFileReference; includeInIndex = 1; lastKnownFileType = text.xcconfig; name = "Pods-GoodWeather.debug.xcconfig"; path = "Target Support Files/Pods-GoodWeather/Pods-GoodWeather.debug.xcconfig"; sourceTree = "<group>"; };
		2ACCE446A454B66A5B5153B3 /* Pods_GoodWeatherTests.framework */ = {isa = PBXFileReference; explicitFileType = wrapper.framework; includeInIndex = 0; path = Pods_GoodWeatherTests.framework; sourceTree = BUILT_PRODUCTS_DIR; };
		4479E75386AEBF134FE1CE0C /* Pods-GoodWeatherTests.release.xcconfig */ = {isa = PBXFileReference; includeInIndex = 1; lastKnownFileType = text.xcconfig; name = "Pods-GoodWeatherTests.release.xcconfig"; path = "Target Support Files/Pods-GoodWeatherTests/Pods-GoodWeatherTests.release.xcconfig"; sourceTree = "<group>"; };
		5DA8FE91CC4C56B4138E8EC1 /* Pods_GoodWeather.framework */ = {isa = PBXFileReference; explicitFileType = wrapper.framework; includeInIndex = 0; path = Pods_GoodWeather.framework; sourceTree = BUILT_PRODUCTS_DIR; };
		8748AB532E21880D2333F752 /* Pods-GoodWeatherTests.debug.xcconfig */ = {isa = PBXFileReference; includeInIndex = 1; lastKnownFileType = text.xcconfig; name = "Pods-GoodWeatherTests.debug.xcconfig"; path = "Target Support Files/Pods-GoodWeatherTests/Pods-GoodWeatherTests.debug.xcconfig"; sourceTree = "<group>"; };
		C2A39780CAB1E8670278965E /* Pods-GoodWeather.release.xcconfig */ = {isa = PBXFileReference; includeInIndex = 1; lastKnownFileType = text.xcconfig; name = "Pods-GoodWeather.release.xcconfig"; path = "Target Support Files/Pods-GoodWeather/Pods-GoodWeather.release.xcconfig"; sourceTree = "<group>"; };
/* End PBXFileReference section */

/* Begin PBXFrameworksBuildPhase section */
		00341B9B24572618002A3C6F /* Frameworks */ = {
			isa = PBXFrameworksBuildPhase;
			buildActionMask = 2147483647;
			files = (
				CDD995BAE1CB1BE220EE0FA0 /* Pods_GoodWeather.framework in Frameworks */,
			);
			runOnlyForDeploymentPostprocessing = 0;
		};
		00341BB42457261C002A3C6F /* Frameworks */ = {
			isa = PBXFrameworksBuildPhase;
			buildActionMask = 2147483647;
			files = (
				36A13E7E57EADCA35B22C78A /* Pods_GoodWeatherTests.framework in Frameworks */,
			);
			runOnlyForDeploymentPostprocessing = 0;
		};
/* End PBXFrameworksBuildPhase section */

/* Begin PBXGroup section */
		00341B9524572618002A3C6F = {
			isa = PBXGroup;
			children = (
				00341BCB2458874D002A3C6F /* URL+Extensions.swift */,
				00341BA024572618002A3C6F /* GoodWeather */,
				00341BBA2457261C002A3C6F /* GoodWeatherTests */,
				00341B9F24572618002A3C6F /* Products */,
				2099D195203C233BEB118B71 /* Pods */,
				E2FE200261FFE053423CDFC4 /* Frameworks */,
			);
			sourceTree = "<group>";
		};
		00341B9F24572618002A3C6F /* Products */ = {
			isa = PBXGroup;
			children = (
				00341B9E24572618002A3C6F /* GoodWeather.app */,
				00341BB72457261C002A3C6F /* GoodWeatherTests.xctest */,
			);
			name = Products;
			sourceTree = "<group>";
		};
		00341BA024572618002A3C6F /* GoodWeather */ = {
			isa = PBXGroup;
			children = (
				00341BC624572894002A3C6F /* Models */,
				00341BA124572618002A3C6F /* AppDelegate.swift */,
				00341BA324572618002A3C6F /* SceneDelegate.swift */,
				00341BA524572618002A3C6F /* ViewController.swift */,
				00341BC924587ED7002A3C6F /* URLRequest+Extensions.swift */,
				00341BA724572618002A3C6F /* Main.storyboard */,
				00341BAD2457261C002A3C6F /* Assets.xcassets */,
				00341BAF2457261C002A3C6F /* LaunchScreen.storyboard */,
				00341BB22457261C002A3C6F /* Info.plist */,
				00341BAA24572618002A3C6F /* GoodWeather.xcdatamodeld */,
			);
			path = GoodWeather;
			sourceTree = "<group>";
		};
		00341BBA2457261C002A3C6F /* GoodWeatherTests */ = {
			isa = PBXGroup;
			children = (
				00341BBB2457261C002A3C6F /* GoodWeatherTests.swift */,
				00341BBD2457261C002A3C6F /* Info.plist */,
			);
			path = GoodWeatherTests;
			sourceTree = "<group>";
		};
		00341BC624572894002A3C6F /* Models */ = {
			isa = PBXGroup;
			children = (
				00341BC7245728A8002A3C6F /* WeatherResult.swift */,
			);
			path = Models;
			sourceTree = "<group>";
		};
		2099D195203C233BEB118B71 /* Pods */ = {
			isa = PBXGroup;
			children = (
				24746E9847C98AA431032FEF /* Pods-GoodWeather.debug.xcconfig */,
				C2A39780CAB1E8670278965E /* Pods-GoodWeather.release.xcconfig */,
				8748AB532E21880D2333F752 /* Pods-GoodWeatherTests.debug.xcconfig */,
				4479E75386AEBF134FE1CE0C /* Pods-GoodWeatherTests.release.xcconfig */,
			);
			path = Pods;
			sourceTree = "<group>";
		};
		E2FE200261FFE053423CDFC4 /* Frameworks */ = {
			isa = PBXGroup;
			children = (
				5DA8FE91CC4C56B4138E8EC1 /* Pods_GoodWeather.framework */,
				2ACCE446A454B66A5B5153B3 /* Pods_GoodWeatherTests.framework */,
			);
			name = Frameworks;
			sourceTree = "<group>";
		};
/* End PBXGroup section */

/* Begin PBXNativeTarget section */
		00341B9D24572618002A3C6F /* GoodWeather */ = {
			isa = PBXNativeTarget;
			buildConfigurationList = 00341BC02457261C002A3C6F /* Build configuration list for PBXNativeTarget "GoodWeather" */;
			buildPhases = (
				16A91899C29DFF9A41E2DB1B /* [CP] Check Pods Manifest.lock */,
				00341B9A24572618002A3C6F /* Sources */,
				00341B9B24572618002A3C6F /* Frameworks */,
				00341B9C24572618002A3C6F /* Resources */,
				38E71569D96788F23E45CF73 /* [CP] Embed Pods Frameworks */,
			);
			buildRules = (
			);
			dependencies = (
			);
			name = GoodWeather;
			productName = GoodWeather;
			productReference = 00341B9E24572618002A3C6F /* GoodWeather.app */;
			productType = "com.apple.product-type.application";
		};
		00341BB62457261C002A3C6F /* GoodWeatherTests */ = {
			isa = PBXNativeTarget;
			buildConfigurationList = 00341BC32457261C002A3C6F /* Build configuration list for PBXNativeTarget "GoodWeatherTests" */;
			buildPhases = (
				9710BB217F74491A41863332 /* [CP] Check Pods Manifest.lock */,
				00341BB32457261C002A3C6F /* Sources */,
				00341BB42457261C002A3C6F /* Frameworks */,
				00341BB52457261C002A3C6F /* Resources */,
			);
			buildRules = (
			);
			dependencies = (
				00341BB92457261C002A3C6F /* PBXTargetDependency */,
			);
			name = GoodWeatherTests;
			productName = GoodWeatherTests;
			productReference = 00341BB72457261C002A3C6F /* GoodWeatherTests.xctest */;
			productType = "com.apple.product-type.bundle.unit-test";
		};
/* End PBXNativeTarget section */

/* Begin PBXProject section */
		00341B9624572618002A3C6F /* Project object */ = {
			isa = PBXProject;
			attributes = {
				LastSwiftUpdateCheck = 1130;
				LastUpgradeCheck = 1130;
				ORGANIZATIONNAME = Jaeeun;
				TargetAttributes = {
					00341B9D24572618002A3C6F = {
						CreatedOnToolsVersion = 11.3.1;
					};
					00341BB62457261C002A3C6F = {
						CreatedOnToolsVersion = 11.3.1;
						TestTargetID = 00341B9D24572618002A3C6F;
					};
				};
			};
			buildConfigurationList = 00341B9924572618002A3C6F /* Build configuration list for PBXProject "GoodWeather" */;
			compatibilityVersion = "Xcode 9.3";
			developmentRegion = en;
			hasScannedForEncodings = 0;
			knownRegions = (
				en,
				Base,
			);
			mainGroup = 00341B9524572618002A3C6F;
			productRefGroup = 00341B9F24572618002A3C6F /* Products */;
			projectDirPath = "";
			projectRoot = "";
			targets = (
				00341B9D24572618002A3C6F /* GoodWeather */,
				00341BB62457261C002A3C6F /* GoodWeatherTests */,
			);
		};
/* End PBXProject section */

/* Begin PBXResourcesBuildPhase section */
		00341B9C24572618002A3C6F /* Resources */ = {
			isa = PBXResourcesBuildPhase;
			buildActionMask = 2147483647;
			files = (
				00341BB12457261C002A3C6F /* LaunchScreen.storyboard in Resources */,
				00341BAE2457261C002A3C6F /* Assets.xcassets in Resources */,
				00341BA924572618002A3C6F /* Main.storyboard in Resources */,
			);
			runOnlyForDeploymentPostprocessing = 0;
		};
		00341BB52457261C002A3C6F /* Resources */ = {
			isa = PBXResourcesBuildPhase;
			buildActionMask = 2147483647;
			files = (
			);
			runOnlyForDeploymentPostprocessing = 0;
		};
/* End PBXResourcesBuildPhase section */

/* Begin PBXShellScriptBuildPhase section */
		16A91899C29DFF9A41E2DB1B /* [CP] Check Pods Manifest.lock */ = {
			isa = PBXShellScriptBuildPhase;
			buildActionMask = 2147483647;
			files = (
			);
			inputFileListPaths = (
			);
			inputPaths = (
				"${PODS_PODFILE_DIR_PATH}/Podfile.lock",
				"${PODS_ROOT}/Manifest.lock",
			);
			name = "[CP] Check Pods Manifest.lock";
			outputFileListPaths = (
			);
			outputPaths = (
				"$(DERIVED_FILE_DIR)/Pods-GoodWeather-checkManifestLockResult.txt",
			);
			runOnlyForDeploymentPostprocessing = 0;
			shellPath = /bin/sh;
			shellScript = "diff \"${PODS_PODFILE_DIR_PATH}/Podfile.lock\" \"${PODS_ROOT}/Manifest.lock\" > /dev/null\nif [ $? != 0 ] ; then\n    # print error to STDERR\n    echo \"error: The sandbox is not in sync with the Podfile.lock. Run 'pod install' or update your CocoaPods installation.\" >&2\n    exit 1\nfi\n# This output is used by Xcode 'outputs' to avoid re-running this script phase.\necho \"SUCCESS\" > \"${SCRIPT_OUTPUT_FILE_0}\"\n";
			showEnvVarsInLog = 0;
		};
		38E71569D96788F23E45CF73 /* [CP] Embed Pods Frameworks */ = {
			isa = PBXShellScriptBuildPhase;
			buildActionMask = 2147483647;
			files = (
			);
			inputFileListPaths = (
				"${PODS_ROOT}/Target Support Files/Pods-GoodWeather/Pods-GoodWeather-frameworks-${CONFIGURATION}-input-files.xcfilelist",
			);
			name = "[CP] Embed Pods Frameworks";
			outputFileListPaths = (
				"${PODS_ROOT}/Target Support Files/Pods-GoodWeather/Pods-GoodWeather-frameworks-${CONFIGURATION}-output-files.xcfilelist",
			);
			runOnlyForDeploymentPostprocessing = 0;
			shellPath = /bin/sh;
			shellScript = "\"${PODS_ROOT}/Target Support Files/Pods-GoodWeather/Pods-GoodWeather-frameworks.sh\"\n";
			showEnvVarsInLog = 0;
		};
		9710BB217F74491A41863332 /* [CP] Check Pods Manifest.lock */ = {
			isa = PBXShellScriptBuildPhase;
			buildActionMask = 2147483647;
			files = (
			);
			inputFileListPaths = (
			);
			inputPaths = (
				"${PODS_PODFILE_DIR_PATH}/Podfile.lock",
				"${PODS_ROOT}/Manifest.lock",
			);
			name = "[CP] Check Pods Manifest.lock";
			outputFileListPaths = (
			);
			outputPaths = (
				"$(DERIVED_FILE_DIR)/Pods-GoodWeatherTests-checkManifestLockResult.txt",
			);
			runOnlyForDeploymentPostprocessing = 0;
			shellPath = /bin/sh;
			shellScript = "diff \"${PODS_PODFILE_DIR_PATH}/Podfile.lock\" \"${PODS_ROOT}/Manifest.lock\" > /dev/null\nif [ $? != 0 ] ; then\n    # print error to STDERR\n    echo \"error: The sandbox is not in sync with the Podfile.lock. Run 'pod install' or update your CocoaPods installation.\" >&2\n    exit 1\nfi\n# This output is used by Xcode 'outputs' to avoid re-running this script phase.\necho \"SUCCESS\" > \"${SCRIPT_OUTPUT_FILE_0}\"\n";
			showEnvVarsInLog = 0;
		};
/* End PBXShellScriptBuildPhase section */

/* Begin PBXSourcesBuildPhase section */
		00341B9A24572618002A3C6F /* Sources */ = {
			isa = PBXSourcesBuildPhase;
			buildActionMask = 2147483647;
			files = (
				00341BC8245728A8002A3C6F /* WeatherResult.swift in Sources */,
				00341BCC2458874D002A3C6F /* URL+Extensions.swift in Sources */,
				00341BA624572618002A3C6F /* ViewController.swift in Sources */,
				00341BAC24572618002A3C6F /* GoodWeather.xcdatamodeld in Sources */,
				00341BCA24587ED7002A3C6F /* URLRequest+Extensions.swift in Sources */,
				00341BA224572618002A3C6F /* AppDelegate.swift in Sources */,
				00341BA424572618002A3C6F /* SceneDelegate.swift in Sources */,
			);
			runOnlyForDeploymentPostprocessing = 0;
		};
		00341BB32457261C002A3C6F /* Sources */ = {
			isa = PBXSourcesBuildPhase;
			buildActionMask = 2147483647;
			files = (
				00341BBC2457261C002A3C6F /* GoodWeatherTests.swift in Sources */,
			);
			runOnlyForDeploymentPostprocessing = 0;
		};
/* End PBXSourcesBuildPhase section */

/* Begin PBXTargetDependency section */
		00341BB92457261C002A3C6F /* PBXTargetDependency */ = {
			isa = PBXTargetDependency;
			target = 00341B9D24572618002A3C6F /* GoodWeather */;
			targetProxy = 00341BB82457261C002A3C6F /* PBXContainerItemProxy */;
		};
/* End PBXTargetDependency section */

/* Begin PBXVariantGroup section */
		00341BA724572618002A3C6F /* Main.storyboard */ = {
			isa = PBXVariantGroup;
			children = (
				00341BA824572618002A3C6F /* Base */,
			);
			name = Main.storyboard;
			sourceTree = "<group>";
		};
		00341BAF2457261C002A3C6F /* LaunchScreen.storyboard */ = {
			isa = PBXVariantGroup;
			children = (
				00341BB02457261C002A3C6F /* Base */,
			);
			name = LaunchScreen.storyboard;
			sourceTree = "<group>";
		};
/* End PBXVariantGroup section */

/* Begin XCBuildConfiguration section */
		00341BBE2457261C002A3C6F /* Debug */ = {
			isa = XCBuildConfiguration;
			buildSettings = {
				ALWAYS_SEARCH_USER_PATHS = NO;
				CLANG_ANALYZER_NONNULL = YES;
				CLANG_ANALYZER_NUMBER_OBJECT_CONVERSION = YES_AGGRESSIVE;
				CLANG_CXX_LANGUAGE_STANDARD = "gnu++14";
				CLANG_CXX_LIBRARY = "libc++";
				CLANG_ENABLE_MODULES = YES;
				CLANG_ENABLE_OBJC_ARC = YES;
				CLANG_ENABLE_OBJC_WEAK = YES;
				CLANG_WARN_BLOCK_CAPTURE_AUTORELEASING = YES;
				CLANG_WARN_BOOL_CONVERSION = YES;
				CLANG_WARN_COMMA = YES;
				CLANG_WARN_CONSTANT_CONVERSION = YES;
				CLANG_WARN_DEPRECATED_OBJC_IMPLEMENTATIONS = YES;
				CLANG_WARN_DIRECT_OBJC_ISA_USAGE = YES_ERROR;
				CLANG_WARN_DOCUMENTATION_COMMENTS = YES;
				CLANG_WARN_EMPTY_BODY = YES;
				CLANG_WARN_ENUM_CONVERSION = YES;
				CLANG_WARN_INFINITE_RECURSION = YES;
				CLANG_WARN_INT_CONVERSION = YES;
				CLANG_WARN_NON_LITERAL_NULL_CONVERSION = YES;
				CLANG_WARN_OBJC_IMPLICIT_RETAIN_SELF = YES;
				CLANG_WARN_OBJC_LITERAL_CONVERSION = YES;
				CLANG_WARN_OBJC_ROOT_CLASS = YES_ERROR;
				CLANG_WARN_RANGE_LOOP_ANALYSIS = YES;
				CLANG_WARN_STRICT_PROTOTYPES = YES;
				CLANG_WARN_SUSPICIOUS_MOVE = YES;
				CLANG_WARN_UNGUARDED_AVAILABILITY = YES_AGGRESSIVE;
				CLANG_WARN_UNREACHABLE_CODE = YES;
				CLANG_WARN__DUPLICATE_METHOD_MATCH = YES;
				COPY_PHASE_STRIP = NO;
				DEBUG_INFORMATION_FORMAT = dwarf;
				ENABLE_STRICT_OBJC_MSGSEND = YES;
				ENABLE_TESTABILITY = YES;
				GCC_C_LANGUAGE_STANDARD = gnu11;
				GCC_DYNAMIC_NO_PIC = NO;
				GCC_NO_COMMON_BLOCKS = YES;
				GCC_OPTIMIZATION_LEVEL = 0;
				GCC_PREPROCESSOR_DEFINITIONS = (
					"DEBUG=1",
					"$(inherited)",
				);
				GCC_WARN_64_TO_32_BIT_CONVERSION = YES;
				GCC_WARN_ABOUT_RETURN_TYPE = YES_ERROR;
				GCC_WARN_UNDECLARED_SELECTOR = YES;
				GCC_WARN_UNINITIALIZED_AUTOS = YES_AGGRESSIVE;
				GCC_WARN_UNUSED_FUNCTION = YES;
				GCC_WARN_UNUSED_VARIABLE = YES;
				IPHONEOS_DEPLOYMENT_TARGET = 13.2;
				MTL_ENABLE_DEBUG_INFO = INCLUDE_SOURCE;
				MTL_FAST_MATH = YES;
				ONLY_ACTIVE_ARCH = YES;
				SDKROOT = iphoneos;
				SWIFT_ACTIVE_COMPILATION_CONDITIONS = DEBUG;
				SWIFT_OPTIMIZATION_LEVEL = "-Onone";
			};
			name = Debug;
		};
		00341BBF2457261C002A3C6F /* Release */ = {
			isa = XCBuildConfiguration;
			buildSettings = {
				ALWAYS_SEARCH_USER_PATHS = NO;
				CLANG_ANALYZER_NONNULL = YES;
				CLANG_ANALYZER_NUMBER_OBJECT_CONVERSION = YES_AGGRESSIVE;
				CLANG_CXX_LANGUAGE_STANDARD = "gnu++14";
				CLANG_CXX_LIBRARY = "libc++";
				CLANG_ENABLE_MODULES = YES;
				CLANG_ENABLE_OBJC_ARC = YES;
				CLANG_ENABLE_OBJC_WEAK = YES;
				CLANG_WARN_BLOCK_CAPTURE_AUTORELEASING = YES;
				CLANG_WARN_BOOL_CONVERSION = YES;
				CLANG_WARN_COMMA = YES;
				CLANG_WARN_CONSTANT_CONVERSION = YES;
				CLANG_WARN_DEPRECATED_OBJC_IMPLEMENTATIONS = YES;
				CLANG_WARN_DIRECT_OBJC_ISA_USAGE = YES_ERROR;
				CLANG_WARN_DOCUMENTATION_COMMENTS = YES;
				CLANG_WARN_EMPTY_BODY = YES;
				CLANG_WARN_ENUM_CONVERSION = YES;
				CLANG_WARN_INFINITE_RECURSION = YES;
				CLANG_WARN_INT_CONVERSION = YES;
				CLANG_WARN_NON_LITERAL_NULL_CONVERSION = YES;
				CLANG_WARN_OBJC_IMPLICIT_RETAIN_SELF = YES;
				CLANG_WARN_OBJC_LITERAL_CONVERSION = YES;
				CLANG_WARN_OBJC_ROOT_CLASS = YES_ERROR;
				CLANG_WARN_RANGE_LOOP_ANALYSIS = YES;
				CLANG_WARN_STRICT_PROTOTYPES = YES;
				CLANG_WARN_SUSPICIOUS_MOVE = YES;
				CLANG_WARN_UNGUARDED_AVAILABILITY = YES_AGGRESSIVE;
				CLANG_WARN_UNREACHABLE_CODE = YES;
				CLANG_WARN__DUPLICATE_METHOD_MATCH = YES;
				COPY_PHASE_STRIP = NO;
				DEBUG_INFORMATION_FORMAT = "dwarf-with-dsym";
				ENABLE_NS_ASSERTIONS = NO;
				ENABLE_STRICT_OBJC_MSGSEND = YES;
				GCC_C_LANGUAGE_STANDARD = gnu11;
				GCC_NO_COMMON_BLOCKS = YES;
				GCC_WARN_64_TO_32_BIT_CONVERSION = YES;
				GCC_WARN_ABOUT_RETURN_TYPE = YES_ERROR;
				GCC_WARN_UNDECLARED_SELECTOR = YES;
				GCC_WARN_UNINITIALIZED_AUTOS = YES_AGGRESSIVE;
				GCC_WARN_UNUSED_FUNCTION = YES;
				GCC_WARN_UNUSED_VARIABLE = YES;
				IPHONEOS_DEPLOYMENT_TARGET = 13.2;
				MTL_ENABLE_DEBUG_INFO = NO;
				MTL_FAST_MATH = YES;
				SDKROOT = iphoneos;
				SWIFT_COMPILATION_MODE = wholemodule;
				SWIFT_OPTIMIZATION_LEVEL = "-O";
				VALIDATE_PRODUCT = YES;
			};
			name = Release;
		};
		00341BC12457261C002A3C6F /* Debug */ = {
			isa = XCBuildConfiguration;
			baseConfigurationReference = 24746E9847C98AA431032FEF /* Pods-GoodWeather.debug.xcconfig */;
			buildSettings = {
				ASSETCATALOG_COMPILER_APPICON_NAME = AppIcon;
				CODE_SIGN_STYLE = Automatic;
				DEVELOPMENT_TEAM = R78643UTJ5;
				INFOPLIST_FILE = GoodWeather/Info.plist;
				LD_RUNPATH_SEARCH_PATHS = (
					"$(inherited)",
					"@executable_path/Frameworks",
				);
				PRODUCT_BUNDLE_IDENTIFIER = co.jaeeun.GoodWeather;
				PRODUCT_NAME = "$(TARGET_NAME)";
				SWIFT_VERSION = 5.0;
				TARGETED_DEVICE_FAMILY = "1,2";
			};
			name = Debug;
		};
		00341BC22457261C002A3C6F /* Release */ = {
			isa = XCBuildConfiguration;
			baseConfigurationReference = C2A39780CAB1E8670278965E /* Pods-GoodWeather.release.xcconfig */;
			buildSettings = {
				ASSETCATALOG_COMPILER_APPICON_NAME = AppIcon;
				CODE_SIGN_STYLE = Automatic;
				DEVELOPMENT_TEAM = R78643UTJ5;
				INFOPLIST_FILE = GoodWeather/Info.plist;
				LD_RUNPATH_SEARCH_PATHS = (
					"$(inherited)",
					"@executable_path/Frameworks",
				);
				PRODUCT_BUNDLE_IDENTIFIER = co.jaeeun.GoodWeather;
				PRODUCT_NAME = "$(TARGET_NAME)";
				SWIFT_VERSION = 5.0;
				TARGETED_DEVICE_FAMILY = "1,2";
			};
			name = Release;
		};
		00341BC42457261C002A3C6F /* Debug */ = {
			isa = XCBuildConfiguration;
			baseConfigurationReference = 8748AB532E21880D2333F752 /* Pods-GoodWeatherTests.debug.xcconfig */;
			buildSettings = {
				ALWAYS_EMBED_SWIFT_STANDARD_LIBRARIES = YES;
				BUNDLE_LOADER = "$(TEST_HOST)";
				CODE_SIGN_STYLE = Automatic;
				DEVELOPMENT_TEAM = R78643UTJ5;
				INFOPLIST_FILE = GoodWeatherTests/Info.plist;
				IPHONEOS_DEPLOYMENT_TARGET = 13.2;
				LD_RUNPATH_SEARCH_PATHS = (
					"$(inherited)",
					"@executable_path/Frameworks",
					"@loader_path/Frameworks",
				);
				PRODUCT_BUNDLE_IDENTIFIER = co.jaeeun.GoodWeatherTests;
				PRODUCT_NAME = "$(TARGET_NAME)";
				SWIFT_VERSION = 5.0;
				TARGETED_DEVICE_FAMILY = "1,2";
				TEST_HOST = "$(BUILT_PRODUCTS_DIR)/GoodWeather.app/GoodWeather";
			};
			name = Debug;
		};
		00341BC52457261C002A3C6F /* Release */ = {
			isa = XCBuildConfiguration;
			baseConfigurationReference = 4479E75386AEBF134FE1CE0C /* Pods-GoodWeatherTests.release.xcconfig */;
			buildSettings = {
				ALWAYS_EMBED_SWIFT_STANDARD_LIBRARIES = YES;
				BUNDLE_LOADER = "$(TEST_HOST)";
				CODE_SIGN_STYLE = Automatic;
				DEVELOPMENT_TEAM = R78643UTJ5;
				INFOPLIST_FILE = GoodWeatherTests/Info.plist;
				IPHONEOS_DEPLOYMENT_TARGET = 13.2;
				LD_RUNPATH_SEARCH_PATHS = (
					"$(inherited)",
					"@executable_path/Frameworks",
					"@loader_path/Frameworks",
				);
				PRODUCT_BUNDLE_IDENTIFIER = co.jaeeun.GoodWeatherTests;
				PRODUCT_NAME = "$(TARGET_NAME)";
				SWIFT_VERSION = 5.0;
				TARGETED_DEVICE_FAMILY = "1,2";
				TEST_HOST = "$(BUILT_PRODUCTS_DIR)/GoodWeather.app/GoodWeather";
			};
			name = Release;
		};
/* End XCBuildConfiguration section */

/* Begin XCConfigurationList section */
		00341B9924572618002A3C6F /* Build configuration list for PBXProject "GoodWeather" */ = {
			isa = XCConfigurationList;
			buildConfigurations = (
				00341BBE2457261C002A3C6F /* Debug */,
				00341BBF2457261C002A3C6F /* Release */,
			);
			defaultConfigurationIsVisible = 0;
			defaultConfigurationName = Release;
		};
		00341BC02457261C002A3C6F /* Build configuration list for PBXNativeTarget "GoodWeather" */ = {
			isa = XCConfigurationList;
			buildConfigurations = (
				00341BC12457261C002A3C6F /* Debug */,
				00341BC22457261C002A3C6F /* Release */,
			);
			defaultConfigurationIsVisible = 0;
			defaultConfigurationName = Release;
		};
		00341BC32457261C002A3C6F /* Build configuration list for PBXNativeTarget "GoodWeatherTests" */ = {
			isa = XCConfigurationList;
			buildConfigurations = (
				00341BC42457261C002A3C6F /* Debug */,
				00341BC52457261C002A3C6F /* Release */,
			);
			defaultConfigurationIsVisible = 0;
			defaultConfigurationName = Release;
		};
/* End XCConfigurationList section */

/* Begin XCVersionGroup section */
		00341BAA24572618002A3C6F /* GoodWeather.xcdatamodeld */ = {
			isa = XCVersionGroup;
			children = (
				00341BAB24572618002A3C6F /* GoodWeather.xcdatamodel */,
			);
			currentVersion = 00341BAB24572618002A3C6F /* GoodWeather.xcdatamodel */;
			path = GoodWeather.xcdatamodeld;
			sourceTree = "<group>";
			versionGroupType = wrapper.xcdatamodel;
		};
/* End XCVersionGroup section */
	};
	rootObject = 00341B9624572618002A3C6F /* Project object */;
}
