// !$*UTF8*$!
{
	archiveVersion = 1;
	classes = {
	};
	objectVersion = 50;
	objects = {

/* Begin PBXBuildFile section */
		40DE2636244011B400A8AEDE /* AppDelegate.swift in Sources */ = {isa = PBXBuildFile; fileRef = 40DE2635244011B400A8AEDE /* AppDelegate.swift */; };
		40DE2638244011B400A8AEDE /* SceneDelegate.swift in Sources */ = {isa = PBXBuildFile; fileRef = 40DE2637244011B400A8AEDE /* SceneDelegate.swift */; };
		40DE263A244011B400A8AEDE /* ViewController.swift in Sources */ = {isa = PBXBuildFile; fileRef = 40DE2639244011B400A8AEDE /* ViewController.swift */; };
		40DE263D244011B400A8AEDE /* Main.storyboard in Resources */ = {isa = PBXBuildFile; fileRef = 40DE263B244011B400A8AEDE /* Main.storyboard */; };
		40DE263F244011B700A8AEDE /* Assets.xcassets in Resources */ = {isa = PBXBuildFile; fileRef = 40DE263E244011B700A8AEDE /* Assets.xcassets */; };
		40DE2642244011B700A8AEDE /* LaunchScreen.storyboard in Resources */ = {isa = PBXBuildFile; fileRef = 40DE2640244011B700A8AEDE /* LaunchScreen.storyboard */; };
		40DE264A24405CB600A8AEDE /* ReadViewController.swift in Sources */ = {isa = PBXBuildFile; fileRef = 40DE264924405CB600A8AEDE /* ReadViewController.swift */; };
		40DE264C2440600200A8AEDE /* SDMiSaeng.ttf in Resources */ = {isa = PBXBuildFile; fileRef = 40DE264B24405FB900A8AEDE /* SDMiSaeng.ttf */; };
/* End PBXBuildFile section */

/* Begin PBXFileReference section */
		40DE2632244011B400A8AEDE /* Chapter02-inputForm.app */ = {isa = PBXFileReference; explicitFileType = wrapper.application; includeInIndex = 0; path = "Chapter02-inputForm.app"; sourceTree = BUILT_PRODUCTS_DIR; };
		40DE2635244011B400A8AEDE /* AppDelegate.swift */ = {isa = PBXFileReference; lastKnownFileType = sourcecode.swift; path = AppDelegate.swift; sourceTree = "<group>"; };
		40DE2637244011B400A8AEDE /* SceneDelegate.swift */ = {isa = PBXFileReference; lastKnownFileType = sourcecode.swift; path = SceneDelegate.swift; sourceTree = "<group>"; };
		40DE2639244011B400A8AEDE /* ViewController.swift */ = {isa = PBXFileReference; lastKnownFileType = sourcecode.swift; path = ViewController.swift; sourceTree = "<group>"; };
		40DE263C244011B400A8AEDE /* Base */ = {isa = PBXFileReference; lastKnownFileType = file.storyboard; name = Base; path = Base.lproj/Main.storyboard; sourceTree = "<group>"; };
		40DE263E244011B700A8AEDE /* Assets.xcassets */ = {isa = PBXFileReference; lastKnownFileType = folder.assetcatalog; path = Assets.xcassets; sourceTree = "<group>"; };
		40DE2641244011B700A8AEDE /* Base */ = {isa = PBXFileReference; lastKnownFileType = file.storyboard; name = Base; path = Base.lproj/LaunchScreen.storyboard; sourceTree = "<group>"; };
		40DE2643244011B700A8AEDE /* Info.plist */ = {isa = PBXFileReference; lastKnownFileType = text.plist.xml; path = Info.plist; sourceTree = "<group>"; };
		40DE264924405CB600A8AEDE /* ReadViewController.swift */ = {isa = PBXFileReference; lastKnownFileType = sourcecode.swift; path = ReadViewController.swift; sourceTree = "<group>"; };
		40DE264B24405FB900A8AEDE /* SDMiSaeng.ttf */ = {isa = PBXFileReference; lastKnownFileType = file; path = SDMiSaeng.ttf; sourceTree = "<group>"; };
/* End PBXFileReference section */

/* Begin PBXFrameworksBuildPhase section */
		40DE262F244011B400A8AEDE /* Frameworks */ = {
			isa = PBXFrameworksBuildPhase;
			buildActionMask = 2147483647;
			files = (
			);
			runOnlyForDeploymentPostprocessing = 0;
		};
/* End PBXFrameworksBuildPhase section */

/* Begin PBXGroup section */
		40DE2629244011B400A8AEDE = {
			isa = PBXGroup;
			children = (
				40DE2634244011B400A8AEDE /* Chapter02-inputForm */,
				40DE2633244011B400A8AEDE /* Products */,
			);
			sourceTree = "<group>";
		};
		40DE2633244011B400A8AEDE /* Products */ = {
			isa = PBXGroup;
			children = (
				40DE2632244011B400A8AEDE /* Chapter02-inputForm.app */,
			);
			name = Products;
			sourceTree = "<group>";
		};
		40DE2634244011B400A8AEDE /* Chapter02-inputForm */ = {
			isa = PBXGroup;
			children = (
				40DE264B24405FB900A8AEDE /* SDMiSaeng.ttf */,
				40DE2635244011B400A8AEDE /* AppDelegate.swift */,
				40DE2637244011B400A8AEDE /* SceneDelegate.swift */,
				40DE2639244011B400A8AEDE /* ViewController.swift */,
				40DE264924405CB600A8AEDE /* ReadViewController.swift */,
				40DE263B244011B400A8AEDE /* Main.storyboard */,
				40DE263E244011B700A8AEDE /* Assets.xcassets */,
				40DE2640244011B700A8AEDE /* LaunchScreen.storyboard */,
				40DE2643244011B700A8AEDE /* Info.plist */,
			);
			path = "Chapter02-inputForm";
			sourceTree = "<group>";
		};
/* End PBXGroup section */

/* Begin PBXNativeTarget section */
		40DE2631244011B400A8AEDE /* Chapter02-inputForm */ = {
			isa = PBXNativeTarget;
			buildConfigurationList = 40DE2646244011B700A8AEDE /* Build configuration list for PBXNativeTarget "Chapter02-inputForm" */;
			buildPhases = (
				40DE262E244011B400A8AEDE /* Sources */,
				40DE262F244011B400A8AEDE /* Frameworks */,
				40DE2630244011B400A8AEDE /* Resources */,
			);
			buildRules = (
			);
			dependencies = (
			);
			name = "Chapter02-inputForm";
			productName = "Chapter02-inputForm";
			productReference = 40DE2632244011B400A8AEDE /* Chapter02-inputForm.app */;
			productType = "com.apple.product-type.application";
		};
/* End PBXNativeTarget section */

/* Begin PBXProject section */
		40DE262A244011B400A8AEDE /* Project object */ = {
			isa = PBXProject;
			attributes = {
				LastSwiftUpdateCheck = 1140;
				LastUpgradeCheck = 1140;
				ORGANIZATIONNAME = "이재은";
				TargetAttributes = {
					40DE2631244011B400A8AEDE = {
						CreatedOnToolsVersion = 11.4;
					};
				};
			};
			buildConfigurationList = 40DE262D244011B400A8AEDE /* Build configuration list for PBXProject "Chapter02-inputForm" */;
			compatibilityVersion = "Xcode 9.3";
			developmentRegion = en;
			hasScannedForEncodings = 0;
			knownRegions = (
				en,
				Base,
			);
			mainGroup = 40DE2629244011B400A8AEDE;
			productRefGroup = 40DE2633244011B400A8AEDE /* Products */;
			projectDirPath = "";
			projectRoot = "";
			targets = (
				40DE2631244011B400A8AEDE /* Chapter02-inputForm */,
			);
		};
/* End PBXProject section */

/* Begin PBXResourcesBuildPhase section */
		40DE2630244011B400A8AEDE /* Resources */ = {
			isa = PBXResourcesBuildPhase;
			buildActionMask = 2147483647;
			files = (
				40DE264C2440600200A8AEDE /* SDMiSaeng.ttf in Resources */,
				40DE2642244011B700A8AEDE /* LaunchScreen.storyboard in Resources */,
				40DE263F244011B700A8AEDE /* Assets.xcassets in Resources */,
				40DE263D244011B400A8AEDE /* Main.storyboard in Resources */,
			);
			runOnlyForDeploymentPostprocessing = 0;
		};
/* End PBXResourcesBuildPhase section */

/* Begin PBXSourcesBuildPhase section */
		40DE262E244011B400A8AEDE /* Sources */ = {
			isa = PBXSourcesBuildPhase;
			buildActionMask = 2147483647;
			files = (
				40DE263A244011B400A8AEDE /* ViewController.swift in Sources */,
				40DE2636244011B400A8AEDE /* AppDelegate.swift in Sources */,
				40DE264A24405CB600A8AEDE /* ReadViewController.swift in Sources */,
				40DE2638244011B400A8AEDE /* SceneDelegate.swift in Sources */,
			);
			runOnlyForDeploymentPostprocessing = 0;
		};
/* End PBXSourcesBuildPhase section */

/* Begin PBXVariantGroup section */
		40DE263B244011B400A8AEDE /* Main.storyboard */ = {
			isa = PBXVariantGroup;
			children = (
				40DE263C244011B400A8AEDE /* Base */,
			);
			name = Main.storyboard;
			sourceTree = "<group>";
		};
		40DE2640244011B700A8AEDE /* LaunchScreen.storyboard */ = {
			isa = PBXVariantGroup;
			children = (
				40DE2641244011B700A8AEDE /* Base */,
			);
			name = LaunchScreen.storyboard;
			sourceTree = "<group>";
		};
/* End PBXVariantGroup section */

/* Begin XCBuildConfiguration section */
		40DE2644244011B700A8AEDE /* Debug */ = {
			isa = XCBuildConfiguration;
			buildSettings = {
				ALWAYS_SEARCH_USER_PATHS = NO;
				CLANG_ANALYZER_NONNULL = YES;
				CLANG_ANALYZER_NUMBER_OBJECT_CONVERSION = YES_AGGRESSIVE;
				CLANG_CXX_LANGUAGE_STANDARD = "gnu++14";
				CLANG_CXX_LIBRARY = "libc++";
				CLANG_ENABLE_MODULES = YES;
				CLANG_ENABLE_OBJC_ARC = YES;
				CLANG_ENABLE_OBJC_WEAK = YES;
				CLANG_WARN_BLOCK_CAPTURE_AUTORELEASING = YES;
				CLANG_WARN_BOOL_CONVERSION = YES;
				CLANG_WARN_COMMA = YES;
				CLANG_WARN_CONSTANT_CONVERSION = YES;
				CLANG_WARN_DEPRECATED_OBJC_IMPLEMENTATIONS = YES;
				CLANG_WARN_DIRECT_OBJC_ISA_USAGE = YES_ERROR;
				CLANG_WARN_DOCUMENTATION_COMMENTS = YES;
				CLANG_WARN_EMPTY_BODY = YES;
				CLANG_WARN_ENUM_CONVERSION = YES;
				CLANG_WARN_INFINITE_RECURSION = YES;
				CLANG_WARN_INT_CONVERSION = YES;
				CLANG_WARN_NON_LITERAL_NULL_CONVERSION = YES;
				CLANG_WARN_OBJC_IMPLICIT_RETAIN_SELF = YES;
				CLANG_WARN_OBJC_LITERAL_CONVERSION = YES;
				CLANG_WARN_OBJC_ROOT_CLASS = YES_ERROR;
				CLANG_WARN_RANGE_LOOP_ANALYSIS = YES;
				CLANG_WARN_STRICT_PROTOTYPES = YES;
				CLANG_WARN_SUSPICIOUS_MOVE = YES;
				CLANG_WARN_UNGUARDED_AVAILABILITY = YES_AGGRESSIVE;
				CLANG_WARN_UNREACHABLE_CODE = YES;
				CLANG_WARN__DUPLICATE_METHOD_MATCH = YES;
				COPY_PHASE_STRIP = NO;
				DEBUG_INFORMATION_FORMAT = dwarf;
				ENABLE_STRICT_OBJC_MSGSEND = YES;
				ENABLE_TESTABILITY = YES;
				GCC_C_LANGUAGE_STANDARD = gnu11;
				GCC_DYNAMIC_NO_PIC = NO;
				GCC_NO_COMMON_BLOCKS = YES;
				GCC_OPTIMIZATION_LEVEL = 0;
				GCC_PREPROCESSOR_DEFINITIONS = (
					"DEBUG=1",
					"$(inherited)",
				);
				GCC_WARN_64_TO_32_BIT_CONVERSION = YES;
				GCC_WARN_ABOUT_RETURN_TYPE = YES_ERROR;
				GCC_WARN_UNDECLARED_SELECTOR = YES;
				GCC_WARN_UNINITIALIZED_AUTOS = YES_AGGRESSIVE;
				GCC_WARN_UNUSED_FUNCTION = YES;
				GCC_WARN_UNUSED_VARIABLE = YES;
				IPHONEOS_DEPLOYMENT_TARGET = 13.4;
				MTL_ENABLE_DEBUG_INFO = INCLUDE_SOURCE;
				MTL_FAST_MATH = YES;
				ONLY_ACTIVE_ARCH = YES;
				SDKROOT = iphoneos;
				SWIFT_ACTIVE_COMPILATION_CONDITIONS = DEBUG;
				SWIFT_OPTIMIZATION_LEVEL = "-Onone";
			};
			name = Debug;
		};
		40DE2645244011B700A8AEDE /* Release */ = {
			isa = XCBuildConfiguration;
			buildSettings = {
				ALWAYS_SEARCH_USER_PATHS = NO;
				CLANG_ANALYZER_NONNULL = YES;
				CLANG_ANALYZER_NUMBER_OBJECT_CONVERSION = YES_AGGRESSIVE;
				CLANG_CXX_LANGUAGE_STANDARD = "gnu++14";
				CLANG_CXX_LIBRARY = "libc++";
				CLANG_ENABLE_MODULES = YES;
				CLANG_ENABLE_OBJC_ARC = YES;
				CLANG_ENABLE_OBJC_WEAK = YES;
				CLANG_WARN_BLOCK_CAPTURE_AUTORELEASING = YES;
				CLANG_WARN_BOOL_CONVERSION = YES;
				CLANG_WARN_COMMA = YES;
				CLANG_WARN_CONSTANT_CONVERSION = YES;
				CLANG_WARN_DEPRECATED_OBJC_IMPLEMENTATIONS = YES;
				CLANG_WARN_DIRECT_OBJC_ISA_USAGE = YES_ERROR;
				CLANG_WARN_DOCUMENTATION_COMMENTS = YES;
				CLANG_WARN_EMPTY_BODY = YES;
				CLANG_WARN_ENUM_CONVERSION = YES;
				CLANG_WARN_INFINITE_RECURSION = YES;
				CLANG_WARN_INT_CONVERSION = YES;
				CLANG_WARN_NON_LITERAL_NULL_CONVERSION = YES;
				CLANG_WARN_OBJC_IMPLICIT_RETAIN_SELF = YES;
				CLANG_WARN_OBJC_LITERAL_CONVERSION = YES;
				CLANG_WARN_OBJC_ROOT_CLASS = YES_ERROR;
				CLANG_WARN_RANGE_LOOP_ANALYSIS = YES;
				CLANG_WARN_STRICT_PROTOTYPES = YES;
				CLANG_WARN_SUSPICIOUS_MOVE = YES;
				CLANG_WARN_UNGUARDED_AVAILABILITY = YES_AGGRESSIVE;
				CLANG_WARN_UNREACHABLE_CODE = YES;
				CLANG_WARN__DUPLICATE_METHOD_MATCH = YES;
				COPY_PHASE_STRIP = NO;
				DEBUG_INFORMATION_FORMAT = "dwarf-with-dsym";
				ENABLE_NS_ASSERTIONS = NO;
				ENABLE_STRICT_OBJC_MSGSEND = YES;
				GCC_C_LANGUAGE_STANDARD = gnu11;
				GCC_NO_COMMON_BLOCKS = YES;
				GCC_WARN_64_TO_32_BIT_CONVERSION = YES;
				GCC_WARN_ABOUT_RETURN_TYPE = YES_ERROR;
				GCC_WARN_UNDECLARED_SELECTOR = YES;
				GCC_WARN_UNINITIALIZED_AUTOS = YES_AGGRESSIVE;
				GCC_WARN_UNUSED_FUNCTION = YES;
				GCC_WARN_UNUSED_VARIABLE = YES;
				IPHONEOS_DEPLOYMENT_TARGET = 13.4;
				MTL_ENABLE_DEBUG_INFO = NO;
				MTL_FAST_MATH = YES;
				SDKROOT = iphoneos;
				SWIFT_COMPILATION_MODE = wholemodule;
				SWIFT_OPTIMIZATION_LEVEL = "-O";
				VALIDATE_PRODUCT = YES;
			};
			name = Release;
		};
		40DE2647244011B700A8AEDE /* Debug */ = {
			isa = XCBuildConfiguration;
			buildSettings = {
				ASSETCATALOG_COMPILER_APPICON_NAME = AppIcon;
				CODE_SIGN_STYLE = Automatic;
				INFOPLIST_FILE = "Chapter02-inputForm/Info.plist";
				LD_RUNPATH_SEARCH_PATHS = (
					"$(inherited)",
					"@executable_path/Frameworks",
				);
				PRODUCT_BUNDLE_IDENTIFIER = "jaeeun.Chapter02-inputForm";
				PRODUCT_NAME = "$(TARGET_NAME)";
				SWIFT_VERSION = 5.0;
				TARGETED_DEVICE_FAMILY = "1,2";
			};
			name = Debug;
		};
		40DE2648244011B700A8AEDE /* Release */ = {
			isa = XCBuildConfiguration;
			buildSettings = {
				ASSETCATALOG_COMPILER_APPICON_NAME = AppIcon;
				CODE_SIGN_STYLE = Automatic;
				INFOPLIST_FILE = "Chapter02-inputForm/Info.plist";
				LD_RUNPATH_SEARCH_PATHS = (
					"$(inherited)",
					"@executable_path/Frameworks",
				);
				PRODUCT_BUNDLE_IDENTIFIER = "jaeeun.Chapter02-inputForm";
				PRODUCT_NAME = "$(TARGET_NAME)";
				SWIFT_VERSION = 5.0;
				TARGETED_DEVICE_FAMILY = "1,2";
			};
			name = Release;
		};
/* End XCBuildConfiguration section */

/* Begin XCConfigurationList section */
		40DE262D244011B400A8AEDE /* Build configuration list for PBXProject "Chapter02-inputForm" */ = {
			isa = XCConfigurationList;
			buildConfigurations = (
				40DE2644244011B700A8AEDE /* Debug */,
				40DE2645244011B700A8AEDE /* Release */,
			);
			defaultConfigurationIsVisible = 0;
			defaultConfigurationName = Release;
		};
		40DE2646244011B700A8AEDE /* Build configuration list for PBXNativeTarget "Chapter02-inputForm" */ = {
			isa = XCConfigurationList;
			buildConfigurations = (
				40DE2647244011B700A8AEDE /* Debug */,
				40DE2648244011B700A8AEDE /* Release */,
			);
			defaultConfigurationIsVisible = 0;
			defaultConfigurationName = Release;
		};
/* End XCConfigurationList section */
	};
	rootObject = 40DE262A244011B400A8AEDE /* Project object */;
}
