// !$*UTF8*$!
{
	archiveVersion = 1;
	classes = {
	};
	objectVersion = 50;
	objects = {

/* Begin PBXBuildFile section */
		40DE25D7243ECF0500A8AEDE /* AppDelegate.swift in Sources */ = {isa = PBXBuildFile; fileRef = 40DE25D6243ECF0500A8AEDE /* AppDelegate.swift */; };
		40DE25D9243ECF0500A8AEDE /* SceneDelegate.swift in Sources */ = {isa = PBXBuildFile; fileRef = 40DE25D8243ECF0500A8AEDE /* SceneDelegate.swift */; };
		40DE25DB243ECF0500A8AEDE /* ViewController.swift in Sources */ = {isa = PBXBuildFile; fileRef = 40DE25DA243ECF0500A8AEDE /* ViewController.swift */; };
		40DE25DE243ECF0500A8AEDE /* Main.storyboard in Resources */ = {isa = PBXBuildFile; fileRef = 40DE25DC243ECF0500A8AEDE /* Main.storyboard */; };
		40DE25E0243ECF0900A8AEDE /* Assets.xcassets in Resources */ = {isa = PBXBuildFile; fileRef = 40DE25DF243ECF0900A8AEDE /* Assets.xcassets */; };
		40DE25E3243ECF0900A8AEDE /* LaunchScreen.storyboard in Resources */ = {isa = PBXBuildFile; fileRef = 40DE25E1243ECF0900A8AEDE /* LaunchScreen.storyboard */; };
		40DE25EB243ECFDF00A8AEDE /* SecondViewController.swift in Sources */ = {isa = PBXBuildFile; fileRef = 40DE25EA243ECFDF00A8AEDE /* SecondViewController.swift */; };
		40DE25ED243ED14E00A8AEDE /* ThirdViewController.swift in Sources */ = {isa = PBXBuildFile; fileRef = 40DE25EC243ED14E00A8AEDE /* ThirdViewController.swift */; };
		40DE25FC243ED21400A8AEDE /* photo.png in Resources */ = {isa = PBXBuildFile; fileRef = 40DE25EF243ED21300A8AEDE /* photo.png */; };
		40DE25FD243ED21400A8AEDE /* facebook@2x.png in Resources */ = {isa = PBXBuildFile; fileRef = 40DE25F0243ED21400A8AEDE /* facebook@2x.png */; };
		40DE25FE243ED21400A8AEDE /* calendar.png in Resources */ = {isa = PBXBuildFile; fileRef = 40DE25F1243ED21400A8AEDE /* calendar.png */; };
		40DE25FF243ED21400A8AEDE /* menubar-bg-mini.png in Resources */ = {isa = PBXBuildFile; fileRef = 40DE25F2243ED21400A8AEDE /* menubar-bg-mini.png */; };
		40DE2600243ED21400A8AEDE /* menubar-bg.png in Resources */ = {isa = PBXBuildFile; fileRef = 40DE25F3243ED21400A8AEDE /* menubar-bg.png */; };
		40DE2601243ED21400A8AEDE /* rss@2x.png in Resources */ = {isa = PBXBuildFile; fileRef = 40DE25F4243ED21400A8AEDE /* rss@2x.png */; };
		40DE2602243ED21400A8AEDE /* file-tree.png in Resources */ = {isa = PBXBuildFile; fileRef = 40DE25F5243ED21400A8AEDE /* file-tree.png */; };
		40DE2603243ED21400A8AEDE /* twitter@2x.png in Resources */ = {isa = PBXBuildFile; fileRef = 40DE25F6243ED21400A8AEDE /* twitter@2x.png */; };
		40DE2604243ED21400A8AEDE /* homes_119.png in Resources */ = {isa = PBXBuildFile; fileRef = 40DE25F7243ED21400A8AEDE /* homes_119.png */; };
		40DE2605243ED21400A8AEDE /* connectivity-bar.png in Resources */ = {isa = PBXBuildFile; fileRef = 40DE25F8243ED21400A8AEDE /* connectivity-bar.png */; };
		40DE2606243ED21400A8AEDE /* checkmark@2x.png in Resources */ = {isa = PBXBuildFile; fileRef = 40DE25F9243ED21400A8AEDE /* checkmark@2x.png */; };
		40DE2607243ED21400A8AEDE /* designbump@2x.png in Resources */ = {isa = PBXBuildFile; fileRef = 40DE25FA243ED21400A8AEDE /* designbump@2x.png */; };
		40DE2608243ED21400A8AEDE /* google@2x.png in Resources */ = {isa = PBXBuildFile; fileRef = 40DE25FB243ED21400A8AEDE /* google@2x.png */; };
/* End PBXBuildFile section */

/* Begin PBXFileReference section */
		40DE25D3243ECF0500A8AEDE /* Chapter03-Tabbar.app */ = {isa = PBXFileReference; explicitFileType = wrapper.application; includeInIndex = 0; path = "Chapter03-Tabbar.app"; sourceTree = BUILT_PRODUCTS_DIR; };
		40DE25D6243ECF0500A8AEDE /* AppDelegate.swift */ = {isa = PBXFileReference; lastKnownFileType = sourcecode.swift; path = AppDelegate.swift; sourceTree = "<group>"; };
		40DE25D8243ECF0500A8AEDE /* SceneDelegate.swift */ = {isa = PBXFileReference; lastKnownFileType = sourcecode.swift; path = SceneDelegate.swift; sourceTree = "<group>"; };
		40DE25DA243ECF0500A8AEDE /* ViewController.swift */ = {isa = PBXFileReference; lastKnownFileType = sourcecode.swift; path = ViewController.swift; sourceTree = "<group>"; };
		40DE25DD243ECF0500A8AEDE /* Base */ = {isa = PBXFileReference; lastKnownFileType = file.storyboard; name = Base; path = Base.lproj/Main.storyboard; sourceTree = "<group>"; };
		40DE25DF243ECF0900A8AEDE /* Assets.xcassets */ = {isa = PBXFileReference; lastKnownFileType = folder.assetcatalog; path = Assets.xcassets; sourceTree = "<group>"; };
		40DE25E2243ECF0900A8AEDE /* Base */ = {isa = PBXFileReference; lastKnownFileType = file.storyboard; name = Base; path = Base.lproj/LaunchScreen.storyboard; sourceTree = "<group>"; };
		40DE25E4243ECF0900A8AEDE /* Info.plist */ = {isa = PBXFileReference; lastKnownFileType = text.plist.xml; path = Info.plist; sourceTree = "<group>"; };
		40DE25EA243ECFDF00A8AEDE /* SecondViewController.swift */ = {isa = PBXFileReference; lastKnownFileType = sourcecode.swift; path = SecondViewController.swift; sourceTree = "<group>"; };
		40DE25EC243ED14E00A8AEDE /* ThirdViewController.swift */ = {isa = PBXFileReference; lastKnownFileType = sourcecode.swift; path = ThirdViewController.swift; sourceTree = "<group>"; };
		40DE25EF243ED21300A8AEDE /* photo.png */ = {isa = PBXFileReference; lastKnownFileType = image.png; path = photo.png; sourceTree = "<group>"; };
		40DE25F0243ED21400A8AEDE /* facebook@2x.png */ = {isa = PBXFileReference; lastKnownFileType = image.png; path = "facebook@2x.png"; sourceTree = "<group>"; };
		40DE25F1243ED21400A8AEDE /* calendar.png */ = {isa = PBXFileReference; lastKnownFileType = image.png; path = calendar.png; sourceTree = "<group>"; };
		40DE25F2243ED21400A8AEDE /* menubar-bg-mini.png */ = {isa = PBXFileReference; lastKnownFileType = image.png; path = "menubar-bg-mini.png"; sourceTree = "<group>"; };
		40DE25F3243ED21400A8AEDE /* menubar-bg.png */ = {isa = PBXFileReference; lastKnownFileType = image.png; path = "menubar-bg.png"; sourceTree = "<group>"; };
		40DE25F4243ED21400A8AEDE /* rss@2x.png */ = {isa = PBXFileReference; lastKnownFileType = image.png; path = "rss@2x.png"; sourceTree = "<group>"; };
		40DE25F5243ED21400A8AEDE /* file-tree.png */ = {isa = PBXFileReference; lastKnownFileType = image.png; path = "file-tree.png"; sourceTree = "<group>"; };
		40DE25F6243ED21400A8AEDE /* twitter@2x.png */ = {isa = PBXFileReference; lastKnownFileType = image.png; path = "twitter@2x.png"; sourceTree = "<group>"; };
		40DE25F7243ED21400A8AEDE /* homes_119.png */ = {isa = PBXFileReference; lastKnownFileType = image.png; path = homes_119.png; sourceTree = "<group>"; };
		40DE25F8243ED21400A8AEDE /* connectivity-bar.png */ = {isa = PBXFileReference; lastKnownFileType = image.png; path = "connectivity-bar.png"; sourceTree = "<group>"; };
		40DE25F9243ED21400A8AEDE /* checkmark@2x.png */ = {isa = PBXFileReference; lastKnownFileType = image.png; path = "checkmark@2x.png"; sourceTree = "<group>"; };
		40DE25FA243ED21400A8AEDE /* designbump@2x.png */ = {isa = PBXFileReference; lastKnownFileType = image.png; path = "designbump@2x.png"; sourceTree = "<group>"; };
		40DE25FB243ED21400A8AEDE /* google@2x.png */ = {isa = PBXFileReference; lastKnownFileType = image.png; path = "google@2x.png"; sourceTree = "<group>"; };
/* End PBXFileReference section */

/* Begin PBXFrameworksBuildPhase section */
		40DE25D0243ECF0500A8AEDE /* Frameworks */ = {
			isa = PBXFrameworksBuildPhase;
			buildActionMask = 2147483647;
			files = (
			);
			runOnlyForDeploymentPostprocessing = 0;
		};
/* End PBXFrameworksBuildPhase section */

/* Begin PBXGroup section */
		40DE25CA243ECF0500A8AEDE = {
			isa = PBXGroup;
			children = (
				40DE25D5243ECF0500A8AEDE /* Chapter03-Tabbar */,
				40DE25D4243ECF0500A8AEDE /* Products */,
			);
			sourceTree = "<group>";
		};
		40DE25D4243ECF0500A8AEDE /* Products */ = {
			isa = PBXGroup;
			children = (
				40DE25D3243ECF0500A8AEDE /* Chapter03-Tabbar.app */,
			);
			name = Products;
			sourceTree = "<group>";
		};
		40DE25D5243ECF0500A8AEDE /* Chapter03-Tabbar */ = {
			isa = PBXGroup;
			children = (
				40DE25EE243ED17C00A8AEDE /* Resources */,
				40DE25D6243ECF0500A8AEDE /* AppDelegate.swift */,
				40DE25D8243ECF0500A8AEDE /* SceneDelegate.swift */,
				40DE25DA243ECF0500A8AEDE /* ViewController.swift */,
				40DE25DC243ECF0500A8AEDE /* Main.storyboard */,
				40DE25EA243ECFDF00A8AEDE /* SecondViewController.swift */,
				40DE25EC243ED14E00A8AEDE /* ThirdViewController.swift */,
				40DE25DF243ECF0900A8AEDE /* Assets.xcassets */,
				40DE25E1243ECF0900A8AEDE /* LaunchScreen.storyboard */,
				40DE25E4243ECF0900A8AEDE /* Info.plist */,
			);
			path = "Chapter03-Tabbar";
			sourceTree = "<group>";
		};
		40DE25EE243ED17C00A8AEDE /* Resources */ = {
			isa = PBXGroup;
			children = (
				40DE25F1243ED21400A8AEDE /* calendar.png */,
				40DE25F9243ED21400A8AEDE /* checkmark@2x.png */,
				40DE25F8243ED21400A8AEDE /* connectivity-bar.png */,
				40DE25FA243ED21400A8AEDE /* designbump@2x.png */,
				40DE25F0243ED21400A8AEDE /* facebook@2x.png */,
				40DE25F5243ED21400A8AEDE /* file-tree.png */,
				40DE25FB243ED21400A8AEDE /* google@2x.png */,
				40DE25F7243ED21400A8AEDE /* homes_119.png */,
				40DE25F2243ED21400A8AEDE /* menubar-bg-mini.png */,
				40DE25F3243ED21400A8AEDE /* menubar-bg.png */,
				40DE25EF243ED21300A8AEDE /* photo.png */,
				40DE25F4243ED21400A8AEDE /* rss@2x.png */,
				40DE25F6243ED21400A8AEDE /* twitter@2x.png */,
			);
			path = Resources;
			sourceTree = "<group>";
		};
/* End PBXGroup section */

/* Begin PBXNativeTarget section */
		40DE25D2243ECF0500A8AEDE /* Chapter03-Tabbar */ = {
			isa = PBXNativeTarget;
			buildConfigurationList = 40DE25E7243ECF0900A8AEDE /* Build configuration list for PBXNativeTarget "Chapter03-Tabbar" */;
			buildPhases = (
				40DE25CF243ECF0500A8AEDE /* Sources */,
				40DE25D0243ECF0500A8AEDE /* Frameworks */,
				40DE25D1243ECF0500A8AEDE /* Resources */,
			);
			buildRules = (
			);
			dependencies = (
			);
			name = "Chapter03-Tabbar";
			productName = "Chapter03-Tabbar";
			productReference = 40DE25D3243ECF0500A8AEDE /* Chapter03-Tabbar.app */;
			productType = "com.apple.product-type.application";
		};
/* End PBXNativeTarget section */

/* Begin PBXProject section */
		40DE25CB243ECF0500A8AEDE /* Project object */ = {
			isa = PBXProject;
			attributes = {
				LastSwiftUpdateCheck = 1140;
				LastUpgradeCheck = 1140;
				ORGANIZATIONNAME = "이재은";
				TargetAttributes = {
					40DE25D2243ECF0500A8AEDE = {
						CreatedOnToolsVersion = 11.4;
					};
				};
			};
			buildConfigurationList = 40DE25CE243ECF0500A8AEDE /* Build configuration list for PBXProject "Chapter03-Tabbar" */;
			compatibilityVersion = "Xcode 9.3";
			developmentRegion = en;
			hasScannedForEncodings = 0;
			knownRegions = (
				en,
				Base,
			);
			mainGroup = 40DE25CA243ECF0500A8AEDE;
			productRefGroup = 40DE25D4243ECF0500A8AEDE /* Products */;
			projectDirPath = "";
			projectRoot = "";
			targets = (
				40DE25D2243ECF0500A8AEDE /* Chapter03-Tabbar */,
			);
		};
/* End PBXProject section */

/* Begin PBXResourcesBuildPhase section */
		40DE25D1243ECF0500A8AEDE /* Resources */ = {
			isa = PBXResourcesBuildPhase;
			buildActionMask = 2147483647;
			files = (
				40DE25FD243ED21400A8AEDE /* facebook@2x.png in Resources */,
				40DE2602243ED21400A8AEDE /* file-tree.png in Resources */,
				40DE2605243ED21400A8AEDE /* connectivity-bar.png in Resources */,
				40DE2607243ED21400A8AEDE /* designbump@2x.png in Resources */,
				40DE2600243ED21400A8AEDE /* menubar-bg.png in Resources */,
				40DE2603243ED21400A8AEDE /* twitter@2x.png in Resources */,
				40DE25FE243ED21400A8AEDE /* calendar.png in Resources */,
				40DE2608243ED21400A8AEDE /* google@2x.png in Resources */,
				40DE2606243ED21400A8AEDE /* checkmark@2x.png in Resources */,
				40DE25E3243ECF0900A8AEDE /* LaunchScreen.storyboard in Resources */,
				40DE25FF243ED21400A8AEDE /* menubar-bg-mini.png in Resources */,
				40DE2601243ED21400A8AEDE /* rss@2x.png in Resources */,
				40DE25E0243ECF0900A8AEDE /* Assets.xcassets in Resources */,
				40DE25FC243ED21400A8AEDE /* photo.png in Resources */,
				40DE2604243ED21400A8AEDE /* homes_119.png in Resources */,
				40DE25DE243ECF0500A8AEDE /* Main.storyboard in Resources */,
			);
			runOnlyForDeploymentPostprocessing = 0;
		};
/* End PBXResourcesBuildPhase section */

/* Begin PBXSourcesBuildPhase section */
		40DE25CF243ECF0500A8AEDE /* Sources */ = {
			isa = PBXSourcesBuildPhase;
			buildActionMask = 2147483647;
			files = (
				40DE25EB243ECFDF00A8AEDE /* SecondViewController.swift in Sources */,
				40DE25DB243ECF0500A8AEDE /* ViewController.swift in Sources */,
				40DE25ED243ED14E00A8AEDE /* ThirdViewController.swift in Sources */,
				40DE25D7243ECF0500A8AEDE /* AppDelegate.swift in Sources */,
				40DE25D9243ECF0500A8AEDE /* SceneDelegate.swift in Sources */,
			);
			runOnlyForDeploymentPostprocessing = 0;
		};
/* End PBXSourcesBuildPhase section */

/* Begin PBXVariantGroup section */
		40DE25DC243ECF0500A8AEDE /* Main.storyboard */ = {
			isa = PBXVariantGroup;
			children = (
				40DE25DD243ECF0500A8AEDE /* Base */,
			);
			name = Main.storyboard;
			sourceTree = "<group>";
		};
		40DE25E1243ECF0900A8AEDE /* LaunchScreen.storyboard */ = {
			isa = PBXVariantGroup;
			children = (
				40DE25E2243ECF0900A8AEDE /* Base */,
			);
			name = LaunchScreen.storyboard;
			sourceTree = "<group>";
		};
/* End PBXVariantGroup section */

/* Begin XCBuildConfiguration section */
		40DE25E5243ECF0900A8AEDE /* Debug */ = {
			isa = XCBuildConfiguration;
			buildSettings = {
				ALWAYS_SEARCH_USER_PATHS = NO;
				CLANG_ANALYZER_NONNULL = YES;
				CLANG_ANALYZER_NUMBER_OBJECT_CONVERSION = YES_AGGRESSIVE;
				CLANG_CXX_LANGUAGE_STANDARD = "gnu++14";
				CLANG_CXX_LIBRARY = "libc++";
				CLANG_ENABLE_MODULES = YES;
				CLANG_ENABLE_OBJC_ARC = YES;
				CLANG_ENABLE_OBJC_WEAK = YES;
				CLANG_WARN_BLOCK_CAPTURE_AUTORELEASING = YES;
				CLANG_WARN_BOOL_CONVERSION = YES;
				CLANG_WARN_COMMA = YES;
				CLANG_WARN_CONSTANT_CONVERSION = YES;
				CLANG_WARN_DEPRECATED_OBJC_IMPLEMENTATIONS = YES;
				CLANG_WARN_DIRECT_OBJC_ISA_USAGE = YES_ERROR;
				CLANG_WARN_DOCUMENTATION_COMMENTS = YES;
				CLANG_WARN_EMPTY_BODY = YES;
				CLANG_WARN_ENUM_CONVERSION = YES;
				CLANG_WARN_INFINITE_RECURSION = YES;
				CLANG_WARN_INT_CONVERSION = YES;
				CLANG_WARN_NON_LITERAL_NULL_CONVERSION = YES;
				CLANG_WARN_OBJC_IMPLICIT_RETAIN_SELF = YES;
				CLANG_WARN_OBJC_LITERAL_CONVERSION = YES;
				CLANG_WARN_OBJC_ROOT_CLASS = YES_ERROR;
				CLANG_WARN_RANGE_LOOP_ANALYSIS = YES;
				CLANG_WARN_STRICT_PROTOTYPES = YES;
				CLANG_WARN_SUSPICIOUS_MOVE = YES;
				CLANG_WARN_UNGUARDED_AVAILABILITY = YES_AGGRESSIVE;
				CLANG_WARN_UNREACHABLE_CODE = YES;
				CLANG_WARN__DUPLICATE_METHOD_MATCH = YES;
				COPY_PHASE_STRIP = NO;
				DEBUG_INFORMATION_FORMAT = dwarf;
				ENABLE_STRICT_OBJC_MSGSEND = YES;
				ENABLE_TESTABILITY = YES;
				GCC_C_LANGUAGE_STANDARD = gnu11;
				GCC_DYNAMIC_NO_PIC = NO;
				GCC_NO_COMMON_BLOCKS = YES;
				GCC_OPTIMIZATION_LEVEL = 0;
				GCC_PREPROCESSOR_DEFINITIONS = (
					"DEBUG=1",
					"$(inherited)",
				);
				GCC_WARN_64_TO_32_BIT_CONVERSION = YES;
				GCC_WARN_ABOUT_RETURN_TYPE = YES_ERROR;
				GCC_WARN_UNDECLARED_SELECTOR = YES;
				GCC_WARN_UNINITIALIZED_AUTOS = YES_AGGRESSIVE;
				GCC_WARN_UNUSED_FUNCTION = YES;
				GCC_WARN_UNUSED_VARIABLE = YES;
				IPHONEOS_DEPLOYMENT_TARGET = 13.4;
				MTL_ENABLE_DEBUG_INFO = INCLUDE_SOURCE;
				MTL_FAST_MATH = YES;
				ONLY_ACTIVE_ARCH = YES;
				SDKROOT = iphoneos;
				SWIFT_ACTIVE_COMPILATION_CONDITIONS = DEBUG;
				SWIFT_OPTIMIZATION_LEVEL = "-Onone";
			};
			name = Debug;
		};
		40DE25E6243ECF0900A8AEDE /* Release */ = {
			isa = XCBuildConfiguration;
			buildSettings = {
				ALWAYS_SEARCH_USER_PATHS = NO;
				CLANG_ANALYZER_NONNULL = YES;
				CLANG_ANALYZER_NUMBER_OBJECT_CONVERSION = YES_AGGRESSIVE;
				CLANG_CXX_LANGUAGE_STANDARD = "gnu++14";
				CLANG_CXX_LIBRARY = "libc++";
				CLANG_ENABLE_MODULES = YES;
				CLANG_ENABLE_OBJC_ARC = YES;
				CLANG_ENABLE_OBJC_WEAK = YES;
				CLANG_WARN_BLOCK_CAPTURE_AUTORELEASING = YES;
				CLANG_WARN_BOOL_CONVERSION = YES;
				CLANG_WARN_COMMA = YES;
				CLANG_WARN_CONSTANT_CONVERSION = YES;
				CLANG_WARN_DEPRECATED_OBJC_IMPLEMENTATIONS = YES;
				CLANG_WARN_DIRECT_OBJC_ISA_USAGE = YES_ERROR;
				CLANG_WARN_DOCUMENTATION_COMMENTS = YES;
				CLANG_WARN_EMPTY_BODY = YES;
				CLANG_WARN_ENUM_CONVERSION = YES;
				CLANG_WARN_INFINITE_RECURSION = YES;
				CLANG_WARN_INT_CONVERSION = YES;
				CLANG_WARN_NON_LITERAL_NULL_CONVERSION = YES;
				CLANG_WARN_OBJC_IMPLICIT_RETAIN_SELF = YES;
				CLANG_WARN_OBJC_LITERAL_CONVERSION = YES;
				CLANG_WARN_OBJC_ROOT_CLASS = YES_ERROR;
				CLANG_WARN_RANGE_LOOP_ANALYSIS = YES;
				CLANG_WARN_STRICT_PROTOTYPES = YES;
				CLANG_WARN_SUSPICIOUS_MOVE = YES;
				CLANG_WARN_UNGUARDED_AVAILABILITY = YES_AGGRESSIVE;
				CLANG_WARN_UNREACHABLE_CODE = YES;
				CLANG_WARN__DUPLICATE_METHOD_MATCH = YES;
				COPY_PHASE_STRIP = NO;
				DEBUG_INFORMATION_FORMAT = "dwarf-with-dsym";
				ENABLE_NS_ASSERTIONS = NO;
				ENABLE_STRICT_OBJC_MSGSEND = YES;
				GCC_C_LANGUAGE_STANDARD = gnu11;
				GCC_NO_COMMON_BLOCKS = YES;
				GCC_WARN_64_TO_32_BIT_CONVERSION = YES;
				GCC_WARN_ABOUT_RETURN_TYPE = YES_ERROR;
				GCC_WARN_UNDECLARED_SELECTOR = YES;
				GCC_WARN_UNINITIALIZED_AUTOS = YES_AGGRESSIVE;
				GCC_WARN_UNUSED_FUNCTION = YES;
				GCC_WARN_UNUSED_VARIABLE = YES;
				IPHONEOS_DEPLOYMENT_TARGET = 13.4;
				MTL_ENABLE_DEBUG_INFO = NO;
				MTL_FAST_MATH = YES;
				SDKROOT = iphoneos;
				SWIFT_COMPILATION_MODE = wholemodule;
				SWIFT_OPTIMIZATION_LEVEL = "-O";
				VALIDATE_PRODUCT = YES;
			};
			name = Release;
		};
		40DE25E8243ECF0900A8AEDE /* Debug */ = {
			isa = XCBuildConfiguration;
			buildSettings = {
				ASSETCATALOG_COMPILER_APPICON_NAME = AppIcon;
				CODE_SIGN_STYLE = Automatic;
				INFOPLIST_FILE = "Chapter03-Tabbar/Info.plist";
				LD_RUNPATH_SEARCH_PATHS = (
					"$(inherited)",
					"@executable_path/Frameworks",
				);
				PRODUCT_BUNDLE_IDENTIFIER = "jaeeun.Chapter03-Tabbar";
				PRODUCT_NAME = "$(TARGET_NAME)";
				SWIFT_VERSION = 5.0;
				TARGETED_DEVICE_FAMILY = "1,2";
			};
			name = Debug;
		};
		40DE25E9243ECF0900A8AEDE /* Release */ = {
			isa = XCBuildConfiguration;
			buildSettings = {
				ASSETCATALOG_COMPILER_APPICON_NAME = AppIcon;
				CODE_SIGN_STYLE = Automatic;
				INFOPLIST_FILE = "Chapter03-Tabbar/Info.plist";
				LD_RUNPATH_SEARCH_PATHS = (
					"$(inherited)",
					"@executable_path/Frameworks",
				);
				PRODUCT_BUNDLE_IDENTIFIER = "jaeeun.Chapter03-Tabbar";
				PRODUCT_NAME = "$(TARGET_NAME)";
				SWIFT_VERSION = 5.0;
				TARGETED_DEVICE_FAMILY = "1,2";
			};
			name = Release;
		};
/* End XCBuildConfiguration section */

/* Begin XCConfigurationList section */
		40DE25CE243ECF0500A8AEDE /* Build configuration list for PBXProject "Chapter03-Tabbar" */ = {
			isa = XCConfigurationList;
			buildConfigurations = (
				40DE25E5243ECF0900A8AEDE /* Debug */,
				40DE25E6243ECF0900A8AEDE /* Release */,
			);
			defaultConfigurationIsVisible = 0;
			defaultConfigurationName = Release;
		};
		40DE25E7243ECF0900A8AEDE /* Build configuration list for PBXNativeTarget "Chapter03-Tabbar" */ = {
			isa = XCConfigurationList;
			buildConfigurations = (
				40DE25E8243ECF0900A8AEDE /* Debug */,
				40DE25E9243ECF0900A8AEDE /* Release */,
			);
			defaultConfigurationIsVisible = 0;
			defaultConfigurationName = Release;
		};
/* End XCConfigurationList section */
	};
	rootObject = 40DE25CB243ECF0500A8AEDE /* Project object */;
}
