// !$*UTF8*$!
{
	archiveVersion = 1;
	classes = {
	};
	objectVersion = 50;
	objects = {

/* Begin PBXBuildFile section */
		00003CDE240BA841001C234F /* AppDelegate.swift in Sources */ = {isa = PBXBuildFile; fileRef = 00003CDD240BA841001C234F /* AppDelegate.swift */; };
		00003CE0240BA841001C234F /* SceneDelegate.swift in Sources */ = {isa = PBXBuildFile; fileRef = 00003CDF240BA841001C234F /* SceneDelegate.swift */; };
		00003CE5240BA841001C234F /* Main.storyboard in Resources */ = {isa = PBXBuildFile; fileRef = 00003CE3240BA841001C234F /* Main.storyboard */; };
		00003CE8240BA841001C234F /* MyMemory.xcdatamodeld in Sources */ = {isa = PBXBuildFile; fileRef = 00003CE6240BA841001C234F /* MyMemory.xcdatamodeld */; };
		00003CEA240BA844001C234F /* Assets.xcassets in Resources */ = {isa = PBXBuildFile; fileRef = 00003CE9240BA844001C234F /* Assets.xcassets */; };
		00003CED240BA844001C234F /* LaunchScreen.storyboard in Resources */ = {isa = PBXBuildFile; fileRef = 00003CEB240BA844001C234F /* LaunchScreen.storyboard */; };
		00003D45242CE569001C234F /* MemoListVC.swift in Sources */ = {isa = PBXBuildFile; fileRef = 00003D44242CE569001C234F /* MemoListVC.swift */; };
		00003D47242CE673001C234F /* MemoFormVC.swift in Sources */ = {isa = PBXBuildFile; fileRef = 00003D46242CE673001C234F /* MemoFormVC.swift */; };
		00003D49242CE68F001C234F /* MemoCell.swift in Sources */ = {isa = PBXBuildFile; fileRef = 00003D48242CE68F001C234F /* MemoCell.swift */; };
		00003D4B242CE87C001C234F /* MemoData.swift in Sources */ = {isa = PBXBuildFile; fileRef = 00003D4A242CE87C001C234F /* MemoData.swift */; };
		00003D4E242E0175001C234F /* fountainpen@2x.png in Resources */ = {isa = PBXBuildFile; fileRef = 00003D4D242E0175001C234F /* fountainpen@2x.png */; };
		40F1D5DB242DF5AC00C28DE5 /* MemoReadVC.swift in Sources */ = {isa = PBXBuildFile; fileRef = 40F1D5DA242DF5AC00C28DE5 /* MemoReadVC.swift */; };
/* End PBXBuildFile section */

/* Begin PBXFileReference section */
		00003CDA240BA841001C234F /* MyMemory.app */ = {isa = PBXFileReference; explicitFileType = wrapper.application; includeInIndex = 0; path = MyMemory.app; sourceTree = BUILT_PRODUCTS_DIR; };
		00003CDD240BA841001C234F /* AppDelegate.swift */ = {isa = PBXFileReference; lastKnownFileType = sourcecode.swift; path = AppDelegate.swift; sourceTree = "<group>"; };
		00003CDF240BA841001C234F /* SceneDelegate.swift */ = {isa = PBXFileReference; lastKnownFileType = sourcecode.swift; path = SceneDelegate.swift; sourceTree = "<group>"; };
		00003CE4240BA841001C234F /* Base */ = {isa = PBXFileReference; lastKnownFileType = file.storyboard; name = Base; path = Base.lproj/Main.storyboard; sourceTree = "<group>"; };
		00003CE7240BA841001C234F /* MyMemory.xcdatamodel */ = {isa = PBXFileReference; lastKnownFileType = wrapper.xcdatamodel; path = MyMemory.xcdatamodel; sourceTree = "<group>"; };
		00003CE9240BA844001C234F /* Assets.xcassets */ = {isa = PBXFileReference; lastKnownFileType = folder.assetcatalog; path = Assets.xcassets; sourceTree = "<group>"; };
		00003CEC240BA844001C234F /* Base */ = {isa = PBXFileReference; lastKnownFileType = file.storyboard; name = Base; path = Base.lproj/LaunchScreen.storyboard; sourceTree = "<group>"; };
		00003CEE240BA844001C234F /* Info.plist */ = {isa = PBXFileReference; lastKnownFileType = text.plist.xml; path = Info.plist; sourceTree = "<group>"; };
		00003D44242CE569001C234F /* MemoListVC.swift */ = {isa = PBXFileReference; lastKnownFileType = sourcecode.swift; path = MemoListVC.swift; sourceTree = "<group>"; };
		00003D46242CE673001C234F /* MemoFormVC.swift */ = {isa = PBXFileReference; lastKnownFileType = sourcecode.swift; path = MemoFormVC.swift; sourceTree = "<group>"; };
		00003D48242CE68F001C234F /* MemoCell.swift */ = {isa = PBXFileReference; lastKnownFileType = sourcecode.swift; path = MemoCell.swift; sourceTree = "<group>"; };
		00003D4A242CE87C001C234F /* MemoData.swift */ = {isa = PBXFileReference; lastKnownFileType = sourcecode.swift; path = MemoData.swift; sourceTree = "<group>"; };
		00003D4D242E0175001C234F /* fountainpen@2x.png */ = {isa = PBXFileReference; lastKnownFileType = image.png; path = "fountainpen@2x.png"; sourceTree = "<group>"; };
		40F1D5DA242DF5AC00C28DE5 /* MemoReadVC.swift */ = {isa = PBXFileReference; lastKnownFileType = sourcecode.swift; path = MemoReadVC.swift; sourceTree = "<group>"; };
/* End PBXFileReference section */

/* Begin PBXFrameworksBuildPhase section */
		00003CD7240BA841001C234F /* Frameworks */ = {
			isa = PBXFrameworksBuildPhase;
			buildActionMask = 2147483647;
			files = (
			);
			runOnlyForDeploymentPostprocessing = 0;
		};
/* End PBXFrameworksBuildPhase section */

/* Begin PBXGroup section */
		00003CD1240BA841001C234F = {
			isa = PBXGroup;
			children = (
				00003D4C242E008F001C234F /* Resources */,
				00003CDC240BA841001C234F /* MyMemory */,
				00003CDB240BA841001C234F /* Products */,
			);
			sourceTree = "<group>";
		};
		00003CDB240BA841001C234F /* Products */ = {
			isa = PBXGroup;
			children = (
				00003CDA240BA841001C234F /* MyMemory.app */,
			);
			name = Products;
			sourceTree = "<group>";
		};
		00003CDC240BA841001C234F /* MyMemory */ = {
			isa = PBXGroup;
			children = (
				40F1D5DA242DF5AC00C28DE5 /* MemoReadVC.swift */,
				00003CDD240BA841001C234F /* AppDelegate.swift */,
				00003CDF240BA841001C234F /* SceneDelegate.swift */,
				00003CE3240BA841001C234F /* Main.storyboard */,
				00003D4A242CE87C001C234F /* MemoData.swift */,
				00003D44242CE569001C234F /* MemoListVC.swift */,
				00003D46242CE673001C234F /* MemoFormVC.swift */,
				00003D48242CE68F001C234F /* MemoCell.swift */,
				00003CE9240BA844001C234F /* Assets.xcassets */,
				00003CEB240BA844001C234F /* LaunchScreen.storyboard */,
				00003CEE240BA844001C234F /* Info.plist */,
				00003CE6240BA841001C234F /* MyMemory.xcdatamodeld */,
			);
			path = MyMemory;
			sourceTree = "<group>";
		};
		00003D4C242E008F001C234F /* Resources */ = {
			isa = PBXGroup;
			children = (
				00003D4D242E0175001C234F /* fountainpen@2x.png */,
			);
			path = Resources;
			sourceTree = "<group>";
		};
/* End PBXGroup section */

/* Begin PBXNativeTarget section */
		00003CD9240BA841001C234F /* MyMemory */ = {
			isa = PBXNativeTarget;
			buildConfigurationList = 00003CF1240BA844001C234F /* Build configuration list for PBXNativeTarget "MyMemory" */;
			buildPhases = (
				00003CD6240BA841001C234F /* Sources */,
				00003CD7240BA841001C234F /* Frameworks */,
				00003CD8240BA841001C234F /* Resources */,
			);
			buildRules = (
			);
			dependencies = (
			);
			name = MyMemory;
			productName = MyMemory;
			productReference = 00003CDA240BA841001C234F /* MyMemory.app */;
			productType = "com.apple.product-type.application";
		};
/* End PBXNativeTarget section */

/* Begin PBXProject section */
		00003CD2240BA841001C234F /* Project object */ = {
			isa = PBXProject;
			attributes = {
				LastSwiftUpdateCheck = 1130;
				LastUpgradeCheck = 1130;
				ORGANIZATIONNAME = jaeeun;
				TargetAttributes = {
					00003CD9240BA841001C234F = {
						CreatedOnToolsVersion = 11.3.1;
					};
				};
			};
			buildConfigurationList = 00003CD5240BA841001C234F /* Build configuration list for PBXProject "MyMemory" */;
			compatibilityVersion = "Xcode 9.3";
			developmentRegion = en;
			hasScannedForEncodings = 0;
			knownRegions = (
				en,
				Base,
			);
			mainGroup = 00003CD1240BA841001C234F;
			productRefGroup = 00003CDB240BA841001C234F /* Products */;
			projectDirPath = "";
			projectRoot = "";
			targets = (
				00003CD9240BA841001C234F /* MyMemory */,
			);
		};
/* End PBXProject section */

/* Begin PBXResourcesBuildPhase section */
		00003CD8240BA841001C234F /* Resources */ = {
			isa = PBXResourcesBuildPhase;
			buildActionMask = 2147483647;
			files = (
				00003CED240BA844001C234F /* LaunchScreen.storyboard in Resources */,
				00003CEA240BA844001C234F /* Assets.xcassets in Resources */,
				00003D4E242E0175001C234F /* fountainpen@2x.png in Resources */,
				00003CE5240BA841001C234F /* Main.storyboard in Resources */,
			);
			runOnlyForDeploymentPostprocessing = 0;
		};
/* End PBXResourcesBuildPhase section */

/* Begin PBXSourcesBuildPhase section */
		00003CD6240BA841001C234F /* Sources */ = {
			isa = PBXSourcesBuildPhase;
			buildActionMask = 2147483647;
			files = (
				00003CE8240BA841001C234F /* MyMemory.xcdatamodeld in Sources */,
				00003D47242CE673001C234F /* MemoFormVC.swift in Sources */,
				00003CDE240BA841001C234F /* AppDelegate.swift in Sources */,
				00003D4B242CE87C001C234F /* MemoData.swift in Sources */,
				00003D45242CE569001C234F /* MemoListVC.swift in Sources */,
				00003CE0240BA841001C234F /* SceneDelegate.swift in Sources */,
				40F1D5DB242DF5AC00C28DE5 /* MemoReadVC.swift in Sources */,
				00003D49242CE68F001C234F /* MemoCell.swift in Sources */,
			);
			runOnlyForDeploymentPostprocessing = 0;
		};
/* End PBXSourcesBuildPhase section */

/* Begin PBXVariantGroup section */
		00003CE3240BA841001C234F /* Main.storyboard */ = {
			isa = PBXVariantGroup;
			children = (
				00003CE4240BA841001C234F /* Base */,
			);
			name = Main.storyboard;
			sourceTree = "<group>";
		};
		00003CEB240BA844001C234F /* LaunchScreen.storyboard */ = {
			isa = PBXVariantGroup;
			children = (
				00003CEC240BA844001C234F /* Base */,
			);
			name = LaunchScreen.storyboard;
			sourceTree = "<group>";
		};
/* End PBXVariantGroup section */

/* Begin XCBuildConfiguration section */
		00003CEF240BA844001C234F /* Debug */ = {
			isa = XCBuildConfiguration;
			buildSettings = {
				ALWAYS_SEARCH_USER_PATHS = NO;
				CLANG_ANALYZER_NONNULL = YES;
				CLANG_ANALYZER_NUMBER_OBJECT_CONVERSION = YES_AGGRESSIVE;
				CLANG_CXX_LANGUAGE_STANDARD = "gnu++14";
				CLANG_CXX_LIBRARY = "libc++";
				CLANG_ENABLE_MODULES = YES;
				CLANG_ENABLE_OBJC_ARC = YES;
				CLANG_ENABLE_OBJC_WEAK = YES;
				CLANG_WARN_BLOCK_CAPTURE_AUTORELEASING = YES;
				CLANG_WARN_BOOL_CONVERSION = YES;
				CLANG_WARN_COMMA = YES;
				CLANG_WARN_CONSTANT_CONVERSION = YES;
				CLANG_WARN_DEPRECATED_OBJC_IMPLEMENTATIONS = YES;
				CLANG_WARN_DIRECT_OBJC_ISA_USAGE = YES_ERROR;
				CLANG_WARN_DOCUMENTATION_COMMENTS = YES;
				CLANG_WARN_EMPTY_BODY = YES;
				CLANG_WARN_ENUM_CONVERSION = YES;
				CLANG_WARN_INFINITE_RECURSION = YES;
				CLANG_WARN_INT_CONVERSION = YES;
				CLANG_WARN_NON_LITERAL_NULL_CONVERSION = YES;
				CLANG_WARN_OBJC_IMPLICIT_RETAIN_SELF = YES;
				CLANG_WARN_OBJC_LITERAL_CONVERSION = YES;
				CLANG_WARN_OBJC_ROOT_CLASS = YES_ERROR;
				CLANG_WARN_RANGE_LOOP_ANALYSIS = YES;
				CLANG_WARN_STRICT_PROTOTYPES = YES;
				CLANG_WARN_SUSPICIOUS_MOVE = YES;
				CLANG_WARN_UNGUARDED_AVAILABILITY = YES_AGGRESSIVE;
				CLANG_WARN_UNREACHABLE_CODE = YES;
				CLANG_WARN__DUPLICATE_METHOD_MATCH = YES;
				COPY_PHASE_STRIP = NO;
				DEBUG_INFORMATION_FORMAT = dwarf;
				ENABLE_STRICT_OBJC_MSGSEND = YES;
				ENABLE_TESTABILITY = YES;
				GCC_C_LANGUAGE_STANDARD = gnu11;
				GCC_DYNAMIC_NO_PIC = NO;
				GCC_NO_COMMON_BLOCKS = YES;
				GCC_OPTIMIZATION_LEVEL = 0;
				GCC_PREPROCESSOR_DEFINITIONS = (
					"DEBUG=1",
					"$(inherited)",
				);
				GCC_WARN_64_TO_32_BIT_CONVERSION = YES;
				GCC_WARN_ABOUT_RETURN_TYPE = YES_ERROR;
				GCC_WARN_UNDECLARED_SELECTOR = YES;
				GCC_WARN_UNINITIALIZED_AUTOS = YES_AGGRESSIVE;
				GCC_WARN_UNUSED_FUNCTION = YES;
				GCC_WARN_UNUSED_VARIABLE = YES;
				IPHONEOS_DEPLOYMENT_TARGET = 13.2;
				MTL_ENABLE_DEBUG_INFO = INCLUDE_SOURCE;
				MTL_FAST_MATH = YES;
				ONLY_ACTIVE_ARCH = YES;
				SDKROOT = iphoneos;
				SWIFT_ACTIVE_COMPILATION_CONDITIONS = DEBUG;
				SWIFT_OPTIMIZATION_LEVEL = "-Onone";
			};
			name = Debug;
		};
		00003CF0240BA844001C234F /* Release */ = {
			isa = XCBuildConfiguration;
			buildSettings = {
				ALWAYS_SEARCH_USER_PATHS = NO;
				CLANG_ANALYZER_NONNULL = YES;
				CLANG_ANALYZER_NUMBER_OBJECT_CONVERSION = YES_AGGRESSIVE;
				CLANG_CXX_LANGUAGE_STANDARD = "gnu++14";
				CLANG_CXX_LIBRARY = "libc++";
				CLANG_ENABLE_MODULES = YES;
				CLANG_ENABLE_OBJC_ARC = YES;
				CLANG_ENABLE_OBJC_WEAK = YES;
				CLANG_WARN_BLOCK_CAPTURE_AUTORELEASING = YES;
				CLANG_WARN_BOOL_CONVERSION = YES;
				CLANG_WARN_COMMA = YES;
				CLANG_WARN_CONSTANT_CONVERSION = YES;
				CLANG_WARN_DEPRECATED_OBJC_IMPLEMENTATIONS = YES;
				CLANG_WARN_DIRECT_OBJC_ISA_USAGE = YES_ERROR;
				CLANG_WARN_DOCUMENTATION_COMMENTS = YES;
				CLANG_WARN_EMPTY_BODY = YES;
				CLANG_WARN_ENUM_CONVERSION = YES;
				CLANG_WARN_INFINITE_RECURSION = YES;
				CLANG_WARN_INT_CONVERSION = YES;
				CLANG_WARN_NON_LITERAL_NULL_CONVERSION = YES;
				CLANG_WARN_OBJC_IMPLICIT_RETAIN_SELF = YES;
				CLANG_WARN_OBJC_LITERAL_CONVERSION = YES;
				CLANG_WARN_OBJC_ROOT_CLASS = YES_ERROR;
				CLANG_WARN_RANGE_LOOP_ANALYSIS = YES;
				CLANG_WARN_STRICT_PROTOTYPES = YES;
				CLANG_WARN_SUSPICIOUS_MOVE = YES;
				CLANG_WARN_UNGUARDED_AVAILABILITY = YES_AGGRESSIVE;
				CLANG_WARN_UNREACHABLE_CODE = YES;
				CLANG_WARN__DUPLICATE_METHOD_MATCH = YES;
				COPY_PHASE_STRIP = NO;
				DEBUG_INFORMATION_FORMAT = "dwarf-with-dsym";
				ENABLE_NS_ASSERTIONS = NO;
				ENABLE_STRICT_OBJC_MSGSEND = YES;
				GCC_C_LANGUAGE_STANDARD = gnu11;
				GCC_NO_COMMON_BLOCKS = YES;
				GCC_WARN_64_TO_32_BIT_CONVERSION = YES;
				GCC_WARN_ABOUT_RETURN_TYPE = YES_ERROR;
				GCC_WARN_UNDECLARED_SELECTOR = YES;
				GCC_WARN_UNINITIALIZED_AUTOS = YES_AGGRESSIVE;
				GCC_WARN_UNUSED_FUNCTION = YES;
				GCC_WARN_UNUSED_VARIABLE = YES;
				IPHONEOS_DEPLOYMENT_TARGET = 13.2;
				MTL_ENABLE_DEBUG_INFO = NO;
				MTL_FAST_MATH = YES;
				SDKROOT = iphoneos;
				SWIFT_COMPILATION_MODE = wholemodule;
				SWIFT_OPTIMIZATION_LEVEL = "-O";
				VALIDATE_PRODUCT = YES;
			};
			name = Release;
		};
		00003CF2240BA844001C234F /* Debug */ = {
			isa = XCBuildConfiguration;
			buildSettings = {
				ASSETCATALOG_COMPILER_APPICON_NAME = AppIcon;
				CODE_SIGN_STYLE = Automatic;
				DEVELOPMENT_TEAM = R78643UTJ5;
				INFOPLIST_FILE = MyMemory/Info.plist;
				LD_RUNPATH_SEARCH_PATHS = (
					"$(inherited)",
					"@executable_path/Frameworks",
				);
				PRODUCT_BUNDLE_IDENTIFIER = co.jaeeun.MyMemory;
				PRODUCT_NAME = "$(TARGET_NAME)";
				SWIFT_VERSION = 5.0;
				TARGETED_DEVICE_FAMILY = "1,2";
			};
			name = Debug;
		};
		00003CF3240BA844001C234F /* Release */ = {
			isa = XCBuildConfiguration;
			buildSettings = {
				ASSETCATALOG_COMPILER_APPICON_NAME = AppIcon;
				CODE_SIGN_STYLE = Automatic;
				DEVELOPMENT_TEAM = R78643UTJ5;
				INFOPLIST_FILE = MyMemory/Info.plist;
				LD_RUNPATH_SEARCH_PATHS = (
					"$(inherited)",
					"@executable_path/Frameworks",
				);
				PRODUCT_BUNDLE_IDENTIFIER = co.jaeeun.MyMemory;
				PRODUCT_NAME = "$(TARGET_NAME)";
				SWIFT_VERSION = 5.0;
				TARGETED_DEVICE_FAMILY = "1,2";
			};
			name = Release;
		};
/* End XCBuildConfiguration section */

/* Begin XCConfigurationList section */
		00003CD5240BA841001C234F /* Build configuration list for PBXProject "MyMemory" */ = {
			isa = XCConfigurationList;
			buildConfigurations = (
				00003CEF240BA844001C234F /* Debug */,
				00003CF0240BA844001C234F /* Release */,
			);
			defaultConfigurationIsVisible = 0;
			defaultConfigurationName = Release;
		};
		00003CF1240BA844001C234F /* Build configuration list for PBXNativeTarget "MyMemory" */ = {
			isa = XCConfigurationList;
			buildConfigurations = (
				00003CF2240BA844001C234F /* Debug */,
				00003CF3240BA844001C234F /* Release */,
			);
			defaultConfigurationIsVisible = 0;
			defaultConfigurationName = Release;
		};
/* End XCConfigurationList section */

/* Begin XCVersionGroup section */
		00003CE6240BA841001C234F /* MyMemory.xcdatamodeld */ = {
			isa = XCVersionGroup;
			children = (
				00003CE7240BA841001C234F /* MyMemory.xcdatamodel */,
			);
			currentVersion = 00003CE7240BA841001C234F /* MyMemory.xcdatamodel */;
			path = MyMemory.xcdatamodeld;
			sourceTree = "<group>";
			versionGroupType = wrapper.xcdatamodel;
		};
/* End XCVersionGroup section */
	};
	rootObject = 00003CD2240BA841001C234F /* Project object */;
}
