PODS:
  - Action (4.2.0):
    - RxCocoa (< 7.0, >= 5.0)
    - RxSwift (< 7.0, >= 5.0)
  - Alamofire (4.9.1)
  - Differentiator (4.0.1)
  - "NSObject+Rx (5.0.2)":
    - RxSwift (~> 5.0)
  - ReachabilitySwift (5.0.0)
  - RxAlamofire (5.1.0):
    - RxAlamofire/Core (= 5.1.0)
  - RxAlamofire/Core (5.1.0):
    - Alamofire (~> 4.8)
    - RxSwift (~> 5.0)
  - RxCocoa (5.1.1):
    - RxRelay (~> 5)
    - RxSwift (~> 5)
  - RxDataSources (4.0.1):
    - Differentiator (~> 4.0)
    - RxCocoa (~> 5.0)
    - RxSwift (~> 5.0)
  - RxGesture (3.0.1):
    - RxCocoa (~> 5.0)
    - RxSwift (~> 5.0)
  - RxKeyboard (1.0.0):
    - RxCocoa (~> 5.0)
    - RxSwift (~> 5.0)
  - RxReachability (1.1.0):
    - ReachabilitySwift (~> 5.0)
    - RxCocoa (~> 5)
    - RxSwift (~> 5)
  - RxRelay (5.1.1):
    - RxSwift (~> 5)
  - RxSwift (5.0.1)
  - RxSwiftExt (5.2.0):
    - RxSwiftExt/Core (= 5.2.0)
    - RxSwiftExt/RxCocoa (= 5.2.0)
  - RxSwiftExt/Core (5.2.0):
    - RxSwift (~> 5.0)
  - RxSwiftExt/RxCocoa (5.2.0):
    - RxCocoa (~> 5.0)
    - RxSwiftExt/Core

DEPENDENCIES:
  - Action
  - "NSObject+Rx"
  - RxAlamofire
  - RxCocoa
  - RxDataSources
  - RxGesture
  - RxKeyboard
  - RxReachability
  - RxSwift (~> 5.0.0)
  - RxSwiftExt

SPEC REPOS:
  trunk:
    - Action
    - Alamofire
    - Differentiator
    - "NSObject+Rx"
    - ReachabilitySwift
    - RxAlamofire
    - RxCocoa
    - RxDataSources
    - RxGesture
    - RxKeyboard
    - RxReachability
    - RxRelay
    - RxSwift
    - RxSwiftExt

SPEC CHECKSUMS:
  Action: 5dc2194f7a0b77857c82a677b0da655f197c005f
  Alamofire: 85e8a02c69d6020a0d734f6054870d7ecb75cf18
  Differentiator: 886080237d9f87f322641dedbc5be257061b0602
  "NSObject+Rx": 2eb2cf51fd1c554118449a7fbc36e4cd620b9e94
  ReachabilitySwift: 985039c6f7b23a1da463388634119492ff86c825
  RxAlamofire: a2d7621de4c23a0c6e7b476b504acc32838ee341
  RxCocoa: 32065309a38d29b5b0db858819b5bf9ef038b601
  RxDataSources: efee07fa4de48477eca0a4611e6d11e2da9c1114
  RxGesture: a3f8dd6adf078110ed5e1c9c30d09d705a09852e
  RxKeyboard: 6683c4344304a00f943c158bd8a43ce5469c82a7
  RxReachability: 3da1c23ba6d93dabc004290cda61dd9e7884422d
  RxRelay: d77f7d771495f43c556cbc43eebd1bb54d01e8e9
  RxSwift: e2dc62b366a3adf6a0be44ba9f405efd4c94e0c4
  RxSwiftExt: 4ca80336f43c28f11a2825cdd2fc61dd6c044697

PODFILE CHECKSUM: 83748d62a8ed30ec84e473df887cb482113cb550

COCOAPODS: 1.10.1
