// !$*UTF8*$!
{
	archiveVersion = 1;
	classes = {
	};
	objectVersion = 50;
	objects = {

/* Begin PBXBuildFile section */
		00892A0923AAA87F0078FA21 /* AppDelegate.swift in Sources */ = {isa = PBXBuildFile; fileRef = 00892A0823AAA87F0078FA21 /* AppDelegate.swift */; };
		00892A0E23AAA87F0078FA21 /* Main.storyboard in Resources */ = {isa = PBXBuildFile; fileRef = 00892A0C23AAA87F0078FA21 /* Main.storyboard */; };
		00892A1023AAA8800078FA21 /* Assets.xcassets in Resources */ = {isa = PBXBuildFile; fileRef = 00892A0F23AAA8800078FA21 /* Assets.xcassets */; };
		00892A1323AAA8800078FA21 /* LaunchScreen.storyboard in Resources */ = {isa = PBXBuildFile; fileRef = 00892A1123AAA8800078FA21 /* LaunchScreen.storyboard */; };
		00892A1B23AAA8CB0078FA21 /* ListViewController.swift in Sources */ = {isa = PBXBuildFile; fileRef = 00892A1A23AAA8CB0078FA21 /* ListViewController.swift */; };
		00892A1D23AAA8E20078FA21 /* MovieVO.swift in Sources */ = {isa = PBXBuildFile; fileRef = 00892A1C23AAA8E20078FA21 /* MovieVO.swift */; };
/* End PBXBuildFile section */

/* Begin PBXFileReference section */
		00892A0523AAA87F0078FA21 /* iOSstudy_ch8_CustomCell_191219.app */ = {isa = PBXFileReference; explicitFileType = wrapper.application; includeInIndex = 0; path = iOSstudy_ch8_CustomCell_191219.app; sourceTree = BUILT_PRODUCTS_DIR; };
		00892A0823AAA87F0078FA21 /* AppDelegate.swift */ = {isa = PBXFileReference; lastKnownFileType = sourcecode.swift; path = AppDelegate.swift; sourceTree = "<group>"; };
		00892A0D23AAA87F0078FA21 /* Base */ = {isa = PBXFileReference; lastKnownFileType = file.storyboard; name = Base; path = Base.lproj/Main.storyboard; sourceTree = "<group>"; };
		00892A0F23AAA8800078FA21 /* Assets.xcassets */ = {isa = PBXFileReference; lastKnownFileType = folder.assetcatalog; path = Assets.xcassets; sourceTree = "<group>"; };
		00892A1223AAA8800078FA21 /* Base */ = {isa = PBXFileReference; lastKnownFileType = file.storyboard; name = Base; path = Base.lproj/LaunchScreen.storyboard; sourceTree = "<group>"; };
		00892A1423AAA8800078FA21 /* Info.plist */ = {isa = PBXFileReference; lastKnownFileType = text.plist.xml; path = Info.plist; sourceTree = "<group>"; };
		00892A1A23AAA8CB0078FA21 /* ListViewController.swift */ = {isa = PBXFileReference; lastKnownFileType = sourcecode.swift; path = ListViewController.swift; sourceTree = "<group>"; };
		00892A1C23AAA8E20078FA21 /* MovieVO.swift */ = {isa = PBXFileReference; lastKnownFileType = sourcecode.swift; path = MovieVO.swift; sourceTree = "<group>"; };
/* End PBXFileReference section */

/* Begin PBXFrameworksBuildPhase section */
		00892A0223AAA87F0078FA21 /* Frameworks */ = {
			isa = PBXFrameworksBuildPhase;
			buildActionMask = 2147483647;
			files = (
			);
			runOnlyForDeploymentPostprocessing = 0;
		};
/* End PBXFrameworksBuildPhase section */

/* Begin PBXGroup section */
		008929FC23AAA87F0078FA21 = {
			isa = PBXGroup;
			children = (
				00892A0723AAA87F0078FA21 /* iOSstudy_ch8_CustomCell_191219 */,
				00892A0623AAA87F0078FA21 /* Products */,
			);
			sourceTree = "<group>";
		};
		00892A0623AAA87F0078FA21 /* Products */ = {
			isa = PBXGroup;
			children = (
				00892A0523AAA87F0078FA21 /* iOSstudy_ch8_CustomCell_191219.app */,
			);
			name = Products;
			sourceTree = "<group>";
		};
		00892A0723AAA87F0078FA21 /* iOSstudy_ch8_CustomCell_191219 */ = {
			isa = PBXGroup;
			children = (
				00892A0823AAA87F0078FA21 /* AppDelegate.swift */,
				00892A0C23AAA87F0078FA21 /* Main.storyboard */,
				00892A0F23AAA8800078FA21 /* Assets.xcassets */,
				00892A1123AAA8800078FA21 /* LaunchScreen.storyboard */,
				00892A1423AAA8800078FA21 /* Info.plist */,
				00892A1A23AAA8CB0078FA21 /* ListViewController.swift */,
				00892A1C23AAA8E20078FA21 /* MovieVO.swift */,
			);
			path = iOSstudy_ch8_CustomCell_191219;
			sourceTree = "<group>";
		};
/* End PBXGroup section */

/* Begin PBXNativeTarget section */
		00892A0423AAA87F0078FA21 /* iOSstudy_ch8_CustomCell_191219 */ = {
			isa = PBXNativeTarget;
			buildConfigurationList = 00892A1723AAA8800078FA21 /* Build configuration list for PBXNativeTarget "iOSstudy_ch8_CustomCell_191219" */;
			buildPhases = (
				00892A0123AAA87F0078FA21 /* Sources */,
				00892A0223AAA87F0078FA21 /* Frameworks */,
				00892A0323AAA87F0078FA21 /* Resources */,
			);
			buildRules = (
			);
			dependencies = (
			);
			name = iOSstudy_ch8_CustomCell_191219;
			productName = iOSstudy_ch8_CustomCell_191219;
			productReference = 00892A0523AAA87F0078FA21 /* iOSstudy_ch8_CustomCell_191219.app */;
			productType = "com.apple.product-type.application";
		};
/* End PBXNativeTarget section */

/* Begin PBXProject section */
		008929FD23AAA87F0078FA21 /* Project object */ = {
			isa = PBXProject;
			attributes = {
				LastSwiftUpdateCheck = 1030;
				LastUpgradeCheck = 1030;
				ORGANIZATIONNAME = jaeeun;
				TargetAttributes = {
					00892A0423AAA87F0078FA21 = {
						CreatedOnToolsVersion = 10.3;
					};
				};
			};
			buildConfigurationList = 00892A0023AAA87F0078FA21 /* Build configuration list for PBXProject "iOSstudy_ch8_CustomCell_191219" */;
			compatibilityVersion = "Xcode 9.3";
			developmentRegion = en;
			hasScannedForEncodings = 0;
			knownRegions = (
				en,
				Base,
			);
			mainGroup = 008929FC23AAA87F0078FA21;
			productRefGroup = 00892A0623AAA87F0078FA21 /* Products */;
			projectDirPath = "";
			projectRoot = "";
			targets = (
				00892A0423AAA87F0078FA21 /* iOSstudy_ch8_CustomCell_191219 */,
			);
		};
/* End PBXProject section */

/* Begin PBXResourcesBuildPhase section */
		00892A0323AAA87F0078FA21 /* Resources */ = {
			isa = PBXResourcesBuildPhase;
			buildActionMask = 2147483647;
			files = (
				00892A1323AAA8800078FA21 /* LaunchScreen.storyboard in Resources */,
				00892A1023AAA8800078FA21 /* Assets.xcassets in Resources */,
				00892A0E23AAA87F0078FA21 /* Main.storyboard in Resources */,
			);
			runOnlyForDeploymentPostprocessing = 0;
		};
/* End PBXResourcesBuildPhase section */

/* Begin PBXSourcesBuildPhase section */
		00892A0123AAA87F0078FA21 /* Sources */ = {
			isa = PBXSourcesBuildPhase;
			buildActionMask = 2147483647;
			files = (
				00892A1D23AAA8E20078FA21 /* MovieVO.swift in Sources */,
				00892A1B23AAA8CB0078FA21 /* ListViewController.swift in Sources */,
				00892A0923AAA87F0078FA21 /* AppDelegate.swift in Sources */,
			);
			runOnlyForDeploymentPostprocessing = 0;
		};
/* End PBXSourcesBuildPhase section */

/* Begin PBXVariantGroup section */
		00892A0C23AAA87F0078FA21 /* Main.storyboard */ = {
			isa = PBXVariantGroup;
			children = (
				00892A0D23AAA87F0078FA21 /* Base */,
			);
			name = Main.storyboard;
			sourceTree = "<group>";
		};
		00892A1123AAA8800078FA21 /* LaunchScreen.storyboard */ = {
			isa = PBXVariantGroup;
			children = (
				00892A1223AAA8800078FA21 /* Base */,
			);
			name = LaunchScreen.storyboard;
			sourceTree = "<group>";
		};
/* End PBXVariantGroup section */

/* Begin XCBuildConfiguration section */
		00892A1523AAA8800078FA21 /* Debug */ = {
			isa = XCBuildConfiguration;
			buildSettings = {
				ALWAYS_SEARCH_USER_PATHS = NO;
				CLANG_ANALYZER_NONNULL = YES;
				CLANG_ANALYZER_NUMBER_OBJECT_CONVERSION = YES_AGGRESSIVE;
				CLANG_CXX_LANGUAGE_STANDARD = "gnu++14";
				CLANG_CXX_LIBRARY = "libc++";
				CLANG_ENABLE_MODULES = YES;
				CLANG_ENABLE_OBJC_ARC = YES;
				CLANG_ENABLE_OBJC_WEAK = YES;
				CLANG_WARN_BLOCK_CAPTURE_AUTORELEASING = YES;
				CLANG_WARN_BOOL_CONVERSION = YES;
				CLANG_WARN_COMMA = YES;
				CLANG_WARN_CONSTANT_CONVERSION = YES;
				CLANG_WARN_DEPRECATED_OBJC_IMPLEMENTATIONS = YES;
				CLANG_WARN_DIRECT_OBJC_ISA_USAGE = YES_ERROR;
				CLANG_WARN_DOCUMENTATION_COMMENTS = YES;
				CLANG_WARN_EMPTY_BODY = YES;
				CLANG_WARN_ENUM_CONVERSION = YES;
				CLANG_WARN_INFINITE_RECURSION = YES;
				CLANG_WARN_INT_CONVERSION = YES;
				CLANG_WARN_NON_LITERAL_NULL_CONVERSION = YES;
				CLANG_WARN_OBJC_IMPLICIT_RETAIN_SELF = YES;
				CLANG_WARN_OBJC_LITERAL_CONVERSION = YES;
				CLANG_WARN_OBJC_ROOT_CLASS = YES_ERROR;
				CLANG_WARN_RANGE_LOOP_ANALYSIS = YES;
				CLANG_WARN_STRICT_PROTOTYPES = YES;
				CLANG_WARN_SUSPICIOUS_MOVE = YES;
				CLANG_WARN_UNGUARDED_AVAILABILITY = YES_AGGRESSIVE;
				CLANG_WARN_UNREACHABLE_CODE = YES;
				CLANG_WARN__DUPLICATE_METHOD_MATCH = YES;
				CODE_SIGN_IDENTITY = "iPhone Developer";
				COPY_PHASE_STRIP = NO;
				DEBUG_INFORMATION_FORMAT = dwarf;
				ENABLE_STRICT_OBJC_MSGSEND = YES;
				ENABLE_TESTABILITY = YES;
				GCC_C_LANGUAGE_STANDARD = gnu11;
				GCC_DYNAMIC_NO_PIC = NO;
				GCC_NO_COMMON_BLOCKS = YES;
				GCC_OPTIMIZATION_LEVEL = 0;
				GCC_PREPROCESSOR_DEFINITIONS = (
					"DEBUG=1",
					"$(inherited)",
				);
				GCC_WARN_64_TO_32_BIT_CONVERSION = YES;
				GCC_WARN_ABOUT_RETURN_TYPE = YES_ERROR;
				GCC_WARN_UNDECLARED_SELECTOR = YES;
				GCC_WARN_UNINITIALIZED_AUTOS = YES_AGGRESSIVE;
				GCC_WARN_UNUSED_FUNCTION = YES;
				GCC_WARN_UNUSED_VARIABLE = YES;
				IPHONEOS_DEPLOYMENT_TARGET = 12.4;
				MTL_ENABLE_DEBUG_INFO = INCLUDE_SOURCE;
				MTL_FAST_MATH = YES;
				ONLY_ACTIVE_ARCH = YES;
				SDKROOT = iphoneos;
				SWIFT_ACTIVE_COMPILATION_CONDITIONS = DEBUG;
				SWIFT_OPTIMIZATION_LEVEL = "-Onone";
			};
			name = Debug;
		};
		00892A1623AAA8800078FA21 /* Release */ = {
			isa = XCBuildConfiguration;
			buildSettings = {
				ALWAYS_SEARCH_USER_PATHS = NO;
				CLANG_ANALYZER_NONNULL = YES;
				CLANG_ANALYZER_NUMBER_OBJECT_CONVERSION = YES_AGGRESSIVE;
				CLANG_CXX_LANGUAGE_STANDARD = "gnu++14";
				CLANG_CXX_LIBRARY = "libc++";
				CLANG_ENABLE_MODULES = YES;
				CLANG_ENABLE_OBJC_ARC = YES;
				CLANG_ENABLE_OBJC_WEAK = YES;
				CLANG_WARN_BLOCK_CAPTURE_AUTORELEASING = YES;
				CLANG_WARN_BOOL_CONVERSION = YES;
				CLANG_WARN_COMMA = YES;
				CLANG_WARN_CONSTANT_CONVERSION = YES;
				CLANG_WARN_DEPRECATED_OBJC_IMPLEMENTATIONS = YES;
				CLANG_WARN_DIRECT_OBJC_ISA_USAGE = YES_ERROR;
				CLANG_WARN_DOCUMENTATION_COMMENTS = YES;
				CLANG_WARN_EMPTY_BODY = YES;
				CLANG_WARN_ENUM_CONVERSION = YES;
				CLANG_WARN_INFINITE_RECURSION = YES;
				CLANG_WARN_INT_CONVERSION = YES;
				CLANG_WARN_NON_LITERAL_NULL_CONVERSION = YES;
				CLANG_WARN_OBJC_IMPLICIT_RETAIN_SELF = YES;
				CLANG_WARN_OBJC_LITERAL_CONVERSION = YES;
				CLANG_WARN_OBJC_ROOT_CLASS = YES_ERROR;
				CLANG_WARN_RANGE_LOOP_ANALYSIS = YES;
				CLANG_WARN_STRICT_PROTOTYPES = YES;
				CLANG_WARN_SUSPICIOUS_MOVE = YES;
				CLANG_WARN_UNGUARDED_AVAILABILITY = YES_AGGRESSIVE;
				CLANG_WARN_UNREACHABLE_CODE = YES;
				CLANG_WARN__DUPLICATE_METHOD_MATCH = YES;
				CODE_SIGN_IDENTITY = "iPhone Developer";
				COPY_PHASE_STRIP = NO;
				DEBUG_INFORMATION_FORMAT = "dwarf-with-dsym";
				ENABLE_NS_ASSERTIONS = NO;
				ENABLE_STRICT_OBJC_MSGSEND = YES;
				GCC_C_LANGUAGE_STANDARD = gnu11;
				GCC_NO_COMMON_BLOCKS = YES;
				GCC_WARN_64_TO_32_BIT_CONVERSION = YES;
				GCC_WARN_ABOUT_RETURN_TYPE = YES_ERROR;
				GCC_WARN_UNDECLARED_SELECTOR = YES;
				GCC_WARN_UNINITIALIZED_AUTOS = YES_AGGRESSIVE;
				GCC_WARN_UNUSED_FUNCTION = YES;
				GCC_WARN_UNUSED_VARIABLE = YES;
				IPHONEOS_DEPLOYMENT_TARGET = 12.4;
				MTL_ENABLE_DEBUG_INFO = NO;
				MTL_FAST_MATH = YES;
				SDKROOT = iphoneos;
				SWIFT_COMPILATION_MODE = wholemodule;
				SWIFT_OPTIMIZATION_LEVEL = "-O";
				VALIDATE_PRODUCT = YES;
			};
			name = Release;
		};
		00892A1823AAA8800078FA21 /* Debug */ = {
			isa = XCBuildConfiguration;
			buildSettings = {
				ASSETCATALOG_COMPILER_APPICON_NAME = AppIcon;
				CODE_SIGN_STYLE = Automatic;
				DEVELOPMENT_TEAM = R78643UTJ5;
				INFOPLIST_FILE = iOSstudy_ch8_CustomCell_191219/Info.plist;
				LD_RUNPATH_SEARCH_PATHS = (
					"$(inherited)",
					"@executable_path/Frameworks",
				);
				PRODUCT_BUNDLE_IDENTIFIER = "co.jaeeun.iOSstudy-ch8-CustomCell-191219";
				PRODUCT_NAME = "$(TARGET_NAME)";
				SWIFT_VERSION = 5.0;
				TARGETED_DEVICE_FAMILY = "1,2";
			};
			name = Debug;
		};
		00892A1923AAA8800078FA21 /* Release */ = {
			isa = XCBuildConfiguration;
			buildSettings = {
				ASSETCATALOG_COMPILER_APPICON_NAME = AppIcon;
				CODE_SIGN_STYLE = Automatic;
				DEVELOPMENT_TEAM = R78643UTJ5;
				INFOPLIST_FILE = iOSstudy_ch8_CustomCell_191219/Info.plist;
				LD_RUNPATH_SEARCH_PATHS = (
					"$(inherited)",
					"@executable_path/Frameworks",
				);
				PRODUCT_BUNDLE_IDENTIFIER = "co.jaeeun.iOSstudy-ch8-CustomCell-191219";
				PRODUCT_NAME = "$(TARGET_NAME)";
				SWIFT_VERSION = 5.0;
				TARGETED_DEVICE_FAMILY = "1,2";
			};
			name = Release;
		};
/* End XCBuildConfiguration section */

/* Begin XCConfigurationList section */
		00892A0023AAA87F0078FA21 /* Build configuration list for PBXProject "iOSstudy_ch8_CustomCell_191219" */ = {
			isa = XCConfigurationList;
			buildConfigurations = (
				00892A1523AAA8800078FA21 /* Debug */,
				00892A1623AAA8800078FA21 /* Release */,
			);
			defaultConfigurationIsVisible = 0;
			defaultConfigurationName = Release;
		};
		00892A1723AAA8800078FA21 /* Build configuration list for PBXNativeTarget "iOSstudy_ch8_CustomCell_191219" */ = {
			isa = XCConfigurationList;
			buildConfigurations = (
				00892A1823AAA8800078FA21 /* Debug */,
				00892A1923AAA8800078FA21 /* Release */,
			);
			defaultConfigurationIsVisible = 0;
			defaultConfigurationName = Release;
		};
/* End XCConfigurationList section */
	};
	rootObject = 008929FD23AAA87F0078FA21 /* Project object */;
}
